
Microsoft Visual Studio Solution File, Format Version 12.00
# Visual Studio Version 17
VisualStudioVersion = 17.13.35931.197
MinimumVisualStudioVersion = 10.0.40219.1
Project("{2150E333-8FDC-42A3-9474-1A3956D46DE8}") = "Solution Items", "Solution Items", "{EE1A7B8F-A75D-45D6-B2C1-1C41687BEE10}"
	ProjectSection(SolutionItems) = preProject
		.gitignore = .gitignore
		AStar.ico = AStar.ico
		AStar.png = AStar.png
		build-and-test.ps1 = build-and-test.ps1
		compose.yaml = compose.yaml
		LICENSE = LICENSE
	EndProjectSection
EndProject
Project("{2150E333-8FDC-42A3-9474-1A3956D46DE8}") = "src", "src", "{1F8CC05D-2FCB-41EB-B50E-C9719553080B}"
EndProject
Project("{2150E333-8FDC-42A3-9474-1A3956D46DE8}") = "uis", "uis", "{F62D6E8A-EF5A-4B95-B59D-355055278A70}"
EndProject
Project("{FAE04EC0-301F-11D3-BF4B-00C04F79EFBC}") = "AStar.Dev.Web", "src\uis\AStar.Dev.Web\AStar.Dev.Web.csproj", "{D294B306-C5D5-464B-9E7A-E1CC7D4B030F}"
EndProject
Global
	GlobalSection(SolutionConfigurationPlatforms) = preSolution
		Debug|Any CPU = Debug|Any CPU
		Release|Any CPU = Release|Any CPU
	EndGlobalSection
	GlobalSection(ProjectConfigurationPlatforms) = postSolution
		{D294B306-C5D5-464B-9E7A-E1CC7D4B030F}.Debug|Any CPU.ActiveCfg = Debug|Any CPU
		{D294B306-C5D5-464B-9E7A-E1CC7D4B030F}.Debug|Any CPU.Build.0 = Debug|Any CPU
		{D294B306-C5D5-464B-9E7A-E1CC7D4B030F}.Release|Any CPU.ActiveCfg = Release|Any CPU
		{D294B306-C5D5-464B-9E7A-E1CC7D4B030F}.Release|Any CPU.Build.0 = Release|Any CPU
	EndGlobalSection
	GlobalSection(SolutionProperties) = preSolution
		HideSolutionNode = FALSE
	EndGlobalSection
	GlobalSection(NestedProjects) = preSolution
		{F62D6E8A-EF5A-4B95-B59D-355055278A70} = {1F8CC05D-2FCB-41EB-B50E-C9719553080B}
		{D294B306-C5D5-464B-9E7A-E1CC7D4B030F} = {1F8CC05D-2FCB-41EB-B50E-C9719553080B}
	EndGlobalSection
	GlobalSection(ExtensibilityGlobals) = postSolution
		SolutionGuid = {D7CAA30F-34B5-4826-972F-29DAB19B8BCF}
	EndGlobalSection
EndGlobal
