
Microsoft Visual Studio Solution File, Format Version 12.00
Project("{2150E333-8FDC-42A3-9474-1A3956D46DE8}") = "Solution Items", "Solution Items", "{EE1A7B8F-A75D-45D6-B2C1-1C41687BEE10}"
	ProjectSection(SolutionItems) = preProject
		compose.yaml = compose.yaml
		.gitignore = .gitignore
		AStar.ico = AStar.ico
		AStar.png = AStar.png
		build-and-test.ps1 = build-and-test.ps1
		LICENSE = LICENSE
		.github\workflows\main_astar-dev.yml = .github\workflows\main_astar-dev.yml
	EndProjectSection
EndProject
Project("{2150E333-8FDC-42A3-9474-1A3956D46DE8}") = "src", "src", "{1F8CC05D-2FCB-41EB-B50E-C9719553080B}"
EndProject
Project("{2150E333-8FDC-42A3-9474-1A3956D46DE8}") = "tests", "tests", "{78872F31-9427-47B4-AB55-55DDB2A373E4}"
	ProjectSection(SolutionItems) = preProject
		tests\.editorconfig = tests\.editorconfig
	EndProjectSection
EndProject
Project("{2150E333-8FDC-42A3-9474-1A3956D46DE8}") = "apis", "apis", "{2F33CFBE-B656-4713-80BF-8D10E56EDAAD}"
EndProject
Project("{2150E333-8FDC-42A3-9474-1A3956D46DE8}") = "apis", "apis", "{35D87ACD-2566-4532-B4E4-328B2D47E992}"
EndProject
Project("{2150E333-8FDC-42A3-9474-1A3956D46DE8}") = "console-apps", "console-apps", "{449DEC13-55B3-45D8-9B21-5AEEC7F5F52E}"
EndProject
Project("{2150E333-8FDC-42A3-9474-1A3956D46DE8}") = "nuget-packages", "nuget-packages", "{414D7399-AC09-41B2-92EC-D1B192ADEB19}"
EndProject
Project("{2150E333-8FDC-42A3-9474-1A3956D46DE8}") = "other", "other", "{2BD935BF-F3B3-4F98-A619-3D350CA5D893}"
EndProject
Project("{2150E333-8FDC-42A3-9474-1A3956D46DE8}") = "astar-dev-random-image", "astar-dev-random-image", "{851AFD74-26DA-4F30-9B1B-3CE990F3D424}"
EndProject
Project("{2150E333-8FDC-42A3-9474-1A3956D46DE8}") = "uis", "uis", "{F62D6E8A-EF5A-4B95-B59D-355055278A70}"
EndProject
Project("{2150E333-8FDC-42A3-9474-1A3956D46DE8}") = "astar-dev-backupapp", "astar-dev-backupapp", "{C42DEC37-F997-4C30-8EEB-98BC9B56A9CF}"
EndProject
Project("{FAE04EC0-301F-11D3-BF4B-00C04F79EFBC}") = "AStar.Dev.Admin.Api", "src\apis\AStar.Dev.Admin.Api\AStar.Dev.Admin.Api.csproj", "{1733EE2C-2604-495C-AAB4-23EAC9B313F4}"
EndProject
Project("{FAE04EC0-301F-11D3-BF4B-00C04F79EFBC}") = "AStar.Dev.Files.Api", "src\apis\AStar.Dev.Files.Api\AStar.Dev.Files.Api.csproj", "{A038303C-5AC2-43B9-A818-7B79E2F66639}"
EndProject
Project("{FAE04EC0-301F-11D3-BF4B-00C04F79EFBC}") = "AStar.Dev.Images.Api", "src\apis\AStar.Dev.Images.Api\AStar.Dev.Images.Api.csproj", "{892CD9A7-A0DB-4F24-B0D5-04D94C76C778}"
EndProject
Project("{FAE04EC0-301F-11D3-BF4B-00C04F79EFBC}") = "AStar.Dev.BackupApp", "src\console-apps\AStar.Dev.BackupApp\AStar.Dev.BackupApp.csproj", "{0CCFAAE5-76E4-4DC0-823B-3B917EDCAEE8}"
EndProject
Project("{FAE04EC0-301F-11D3-BF4B-00C04F79EFBC}") = "AStar.Dev.BackupApp.Core", "src\console-apps\AStar.Dev.BackupApp.Core\AStar.Dev.BackupApp.Core.csproj", "{F2803CC7-F9B5-488F-B3E9-B5BC095F811C}"
EndProject
Project("{FAE04EC0-301F-11D3-BF4B-00C04F79EFBC}") = "AStar.Dev.Database.Updater", "src\console-apps\AStar.Dev.Database.Updater\AStar.Dev.Database.Updater.csproj", "{1DB0534F-CA71-4C70-9CED-1940523B86FA}"
EndProject
Project("{FAE04EC0-301F-11D3-BF4B-00C04F79EFBC}") = "AStar.Dev.Admin.Api.Client.Sdk", "src\nuget-packages\AStar.Dev.Admin.Api.Client.Sdk\AStar.Dev.Admin.Api.Client.Sdk.csproj", "{7A925B83-0A2D-450E-B732-DF9569A5C807}"
EndProject
Project("{FAE04EC0-301F-11D3-BF4B-00C04F79EFBC}") = "AStar.Dev.Api.HealthChecks", "src\nuget-packages\AStar.Dev.Api.HealthChecks\AStar.Dev.Api.HealthChecks.csproj", "{5ADCD3C1-4F53-4484-89FB-21A488386B2F}"
EndProject
Project("{FAE04EC0-301F-11D3-BF4B-00C04F79EFBC}") = "AStar.Dev.AspNet.Extensions", "src\nuget-packages\AStar.Dev.AspNet.Extensions\AStar.Dev.AspNet.Extensions.csproj", "{6F342AF2-67ED-4D48-B474-75139C82C0FD}"
EndProject
Project("{FAE04EC0-301F-11D3-BF4B-00C04F79EFBC}") = "AStar.Dev.Files.Api.Client.SDK", "src\nuget-packages\AStar.Dev.Files.Api.Client.SDK\AStar.Dev.Files.Api.Client.SDK.csproj", "{776BE994-DE4E-4858-B93B-AA24D66FF6F9}"
EndProject
Project("{FAE04EC0-301F-11D3-BF4B-00C04F79EFBC}") = "AStar.Dev.Fluent.Assignments", "src\nuget-packages\AStar.Dev.Fluent.Assignments\AStar.Dev.Fluent.Assignments.csproj", "{CB34BFAD-3E94-49A5-92FA-74DD7841E418}"
EndProject
Project("{FAE04EC0-301F-11D3-BF4B-00C04F79EFBC}") = "AStar.Dev.Functional.Extensions", "src\nuget-packages\AStar.Dev.Functional.Extensions\AStar.Dev.Functional.Extensions.csproj", "{B97D88AE-FB45-4A8D-8939-11060DACF3AA}"
EndProject
Project("{FAE04EC0-301F-11D3-BF4B-00C04F79EFBC}") = "AStar.Dev.Guard.Clauses", "src\nuget-packages\AStar.Dev.Guard.Clauses\AStar.Dev.Guard.Clauses.csproj", "{95DCF809-7ED8-41E3-BCB6-CC04BC38D552}"
EndProject
Project("{FAE04EC0-301F-11D3-BF4B-00C04F79EFBC}") = "AStar.Dev.Images.Api.Client.SDK", "src\nuget-packages\AStar.Dev.Images.Api.Client.SDK\AStar.Dev.Images.Api.Client.SDK.csproj", "{615E856F-730F-4451-9DA9-B83353B565D5}"
EndProject
Project("{FAE04EC0-301F-11D3-BF4B-00C04F79EFBC}") = "AStar.Dev.Infrastructure", "src\nuget-packages\AStar.Dev.Infrastructure\AStar.Dev.Infrastructure.csproj", "{8C64A973-F02A-4B97-8D9F-4D8A5C40CC29}"
EndProject
Project("{FAE04EC0-301F-11D3-BF4B-00C04F79EFBC}") = "AStar.Dev.Infrastructure.AdminDb", "src\nuget-packages\AStar.Dev.Infrastructure.AdminDb\AStar.Dev.Infrastructure.AdminDb.csproj", "{7489EC79-DCEE-498F-9F65-5E7BA3014227}"
EndProject
Project("{FAE04EC0-301F-11D3-BF4B-00C04F79EFBC}") = "AStar.Dev.Infrastructure.FilesDb", "src\nuget-packages\AStar.Dev.Infrastructure.FilesDb\AStar.Dev.Infrastructure.FilesDb.csproj", "{5AE643D7-2E72-421B-8671-BB1FF8EA4DDD}"
EndProject
Project("{FAE04EC0-301F-11D3-BF4B-00C04F79EFBC}") = "AStar.Dev.Logging.Extensions", "src\nuget-packages\AStar.Dev.Logging.Extensions\AStar.Dev.Logging.Extensions.csproj", "{70352155-4AFE-48F7-9A23-E45B35ACED13}"
EndProject
Project("{FAE04EC0-301F-11D3-BF4B-00C04F79EFBC}") = "AStar.Dev.Restful.Root.Document", "src\nuget-packages\AStar.Dev.Restful.Root.Document\AStar.Dev.Restful.Root.Document.csproj", "{2DD3DDA6-765D-48C1-84A7-C423536E897D}"
EndProject
Project("{FAE04EC0-301F-11D3-BF4B-00C04F79EFBC}") = "AStar.Dev.Technical.Debt.Reporting", "src\nuget-packages\AStar.Dev.Technical.Debt.Reporting\AStar.Dev.Technical.Debt.Reporting.csproj", "{BE76B5D2-D3FF-4251-8409-EAFB2B56F254}"
EndProject
Project("{FAE04EC0-301F-11D3-BF4B-00C04F79EFBC}") = "AStar.Dev.Test.Helpers", "src\nuget-packages\AStar.Dev.Test.Helpers\AStar.Dev.Test.Helpers.csproj", "{38460C31-1E8B-4199-BC3B-6A1F0813B8A4}"
EndProject
Project("{FAE04EC0-301F-11D3-BF4B-00C04F79EFBC}") = "AStar.Dev.Test.Helpers.EndToEnd", "src\nuget-packages\AStar.Dev.Test.Helpers.EndToEnd\AStar.Dev.Test.Helpers.EndToEnd.csproj", "{2B27021C-1FD8-47BF-96AA-649D1F10CE14}"
EndProject
Project("{FAE04EC0-301F-11D3-BF4B-00C04F79EFBC}") = "AStar.Dev.Test.Helpers.Integration", "src\nuget-packages\AStar.Dev.Test.Helpers.Integration\AStar.Dev.Test.Helpers.Integration.csproj", "{96DEA6DA-DC85-4529-AEAF-92AF9091C407}"
EndProject
Project("{FAE04EC0-301F-11D3-BF4B-00C04F79EFBC}") = "AStar.Dev.Test.Helpers.Unit", "src\nuget-packages\AStar.Dev.Test.Helpers.Unit\AStar.Dev.Test.Helpers.Unit.csproj", "{40B33CE7-7DD6-49BD-A10F-3A734785832E}"
EndProject
Project("{FAE04EC0-301F-11D3-BF4B-00C04F79EFBC}") = "AStar.Dev.Utilities", "src\nuget-packages\AStar.Dev.Utilities\AStar.Dev.Utilities.csproj", "{CBE04A0B-3B79-4AB6-A7A7-861BD901E927}"
EndProject
Project("{2150E333-8FDC-42A3-9474-1A3956D46DE8}") = "astar-dev-iac", "astar-dev-iac", "{5EA3FE27-17A9-4CA7-877A-A130333CCABD}"
EndProject
Project("{2150E333-8FDC-42A3-9474-1A3956D46DE8}") = "nuget-package-details-and-usage", "nuget-package-details-and-usage", "{F9BF50CA-00CC-479C-A50C-3FD2F76E217E}"
EndProject
Project("{FAE04EC0-301F-11D3-BF4B-00C04F79EFBC}") = "AStar.Dev.Random.Image.Selector", "src\uis\AStar.Dev.Random.Image.Selector\AStar.Dev.Random.Image.Selector.csproj", "{2426AF82-A202-4EF5-AE25-FCA50DE2D6F1}"
EndProject
Project("{FAE04EC0-301F-11D3-BF4B-00C04F79EFBC}") = "AStar.Dev.Random.Image.Core", "src\uis\AStar.Dev.Random.Image.Core\AStar.Dev.Random.Image.Core.csproj", "{D328E43B-864A-49C3-9EC3-2F35423E3514}"
EndProject
Project("{2150E333-8FDC-42A3-9474-1A3956D46DE8}") = "astar-dev-random-image", "astar-dev-random-image", "{A255931E-AC24-457A-A759-6C9B56ED4DB1}"
EndProject
Project("{2150E333-8FDC-42A3-9474-1A3956D46DE8}") = "astar-dev-admin-api", "astar-dev-admin-api", "{444BD7D4-0149-4AD5-834E-8842B1BBB30E}"
EndProject
Project("{2150E333-8FDC-42A3-9474-1A3956D46DE8}") = "astar-dev-files-api", "astar-dev-files-api", "{83ED2FBE-B36E-4638-8246-E05EF42B649F}"
EndProject
Project("{2150E333-8FDC-42A3-9474-1A3956D46DE8}") = "astar-dev-images-api", "astar-dev-images-api", "{FD248D85-D1F8-48AF-9469-98B361CD272F}"
EndProject
Project("{2150E333-8FDC-42A3-9474-1A3956D46DE8}") = "console-apps", "console-apps", "{6E45EF80-AAB9-453C-A06D-DCA749A30C1A}"
EndProject
Project("{2150E333-8FDC-42A3-9474-1A3956D46DE8}") = "nuget-packages", "nuget-packages", "{52C0A676-855B-4E18-9D89-1A184A077722}"
EndProject
Project("{2150E333-8FDC-42A3-9474-1A3956D46DE8}") = "uis", "uis", "{E9ED7D2F-164F-43DF-86DF-57FB77F5DCC8}"
EndProject
Project("{2150E333-8FDC-42A3-9474-1A3956D46DE8}") = "astar-dev-web-ui", "astar-dev-web-ui", "{29322CA8-DB62-4002-BB17-385A58F84B86}"
EndProject
Project("{2150E333-8FDC-42A3-9474-1A3956D46DE8}") = "astar-dev-backupapp", "astar-dev-backupapp", "{45684897-2A84-4BD4-AC97-F63F8FC80BE1}"
EndProject
Project("{2150E333-8FDC-42A3-9474-1A3956D46DE8}") = "astar-dev-database-updater", "astar-dev-database-updater", "{03BE8869-D3E5-43AF-A1D4-1873605CEECE}"
EndProject
Project("{FAE04EC0-301F-11D3-BF4B-00C04F79EFBC}") = "AStar.Dev.Admin.Api.Tests.EndToEnd", "tests\apis\AStar.Dev.Admin.Api.Tests.EndToEnd\AStar.Dev.Admin.Api.Tests.EndToEnd.csproj", "{D90CBE13-9CE3-42D8-94B2-AA93D6A4E77C}"
EndProject
Project("{FAE04EC0-301F-11D3-BF4B-00C04F79EFBC}") = "AStar.Dev.Admin.Api.Tests.Integration", "tests\apis\AStar.Dev.Admin.Api.Tests.Integration\AStar.Dev.Admin.Api.Tests.Integration.csproj", "{0574D80E-3131-4E32-A145-1112ED735A99}"
EndProject
Project("{FAE04EC0-301F-11D3-BF4B-00C04F79EFBC}") = "AStar.Dev.Admin.Api.Tests.Unit", "tests\apis\AStar.Dev.Admin.Api.Tests.Unit\AStar.Dev.Admin.Api.Tests.Unit.csproj", "{AC8121A8-8F17-487C-9FDC-3DA8A8A9F014}"
EndProject
Project("{FAE04EC0-301F-11D3-BF4B-00C04F79EFBC}") = "AStar.Dev.Files.Api.Tests.EndToEnd", "tests\apis\AStar.Dev.Files.Api.Tests.EndToEnd\AStar.Dev.Files.Api.Tests.EndToEnd.csproj", "{A84B8354-7B6C-466B-AED6-F190851CD8A4}"
EndProject
Project("{FAE04EC0-301F-11D3-BF4B-00C04F79EFBC}") = "AStar.Dev.Files.Api.Tests.Integration", "tests\apis\AStar.Dev.Files.Api.Tests.Integration\AStar.Dev.Files.Api.Tests.Integration.csproj", "{AC59E20E-A34A-4E36-96B7-AD4282BE91EB}"
EndProject
Project("{FAE04EC0-301F-11D3-BF4B-00C04F79EFBC}") = "AStar.Dev.Files.Api.Tests.Unit", "tests\apis\AStar.Dev.Files.Api.Tests.Unit\AStar.Dev.Files.Api.Tests.Unit.csproj", "{767FC2D3-4474-4A3F-96EC-D7B6DC03C8C1}"
EndProject
Project("{FAE04EC0-301F-11D3-BF4B-00C04F79EFBC}") = "AStar.Dev.Images.Api.Tests.Integration", "tests\apis\AStar.Dev.Images.Api.Tests.Integration\AStar.Dev.Images.Api.Tests.Integration.csproj", "{CEBCA1A2-AABD-47FE-9923-83B6F83693E0}"
EndProject
Project("{FAE04EC0-301F-11D3-BF4B-00C04F79EFBC}") = "AStar.Dev.Images.Api.Tests.Unit", "tests\apis\AStar.Dev.Images.Api.Tests.Unit\AStar.Dev.Images.Api.Tests.Unit.csproj", "{A2FCE178-7C62-4F62-9A9F-B281B116A59A}"
EndProject
Project("{FAE04EC0-301F-11D3-BF4B-00C04F79EFBC}") = "AStar.Dev.BackupApp.Tests.Unit", "tests\console-apps\AStar.Dev.BackupApp.Tests.Unit\AStar.Dev.BackupApp.Tests.Unit.csproj", "{689502EE-E276-46C6-ACF8-09E81DCD6720}"
EndProject
Project("{FAE04EC0-301F-11D3-BF4B-00C04F79EFBC}") = "AStar.Dev.BackupApp.Core.Test.Unit", "tests\console-apps\AStar.Dev.BackupApp.Core.Test.Unit\AStar.Dev.BackupApp.Core.Test.Unit.csproj", "{84C0B6D1-6BA7-48C9-9EE9-2197F106F5E6}"
EndProject
Project("{FAE04EC0-301F-11D3-BF4B-00C04F79EFBC}") = "AStar.Dev.Admin.Api.Client.Sdk.Tests.Unit", "tests\nuget-packages\AStar.Dev.Admin.Api.Client.Sdk.Tests.Unit\AStar.Dev.Admin.Api.Client.Sdk.Tests.Unit.csproj", "{DA8C3D7B-0D10-460B-B585-E0F66A8CB816}"
EndProject
Project("{FAE04EC0-301F-11D3-BF4B-00C04F79EFBC}") = "AStar.Dev.Api.HealthChecks.Tests.Unit", "tests\nuget-packages\AStar.Dev.Api.HealthChecks.Tests.Unit\AStar.Dev.Api.HealthChecks.Tests.Unit.csproj", "{56C700F1-3FEF-4BA2-BB50-5575A88A699E}"
EndProject
Project("{FAE04EC0-301F-11D3-BF4B-00C04F79EFBC}") = "AStar.Dev.AspNet.Extensions.Tests.Unit", "tests\nuget-packages\AStar.Dev.AspNet.Extensions.Tests.Unit\AStar.Dev.AspNet.Extensions.Tests.Unit.csproj", "{368AC940-ACAF-4B13-B504-D3BA9298E2BF}"
EndProject
Project("{FAE04EC0-301F-11D3-BF4B-00C04F79EFBC}") = "AStar.Dev.Files.Api.Client.Sdk.Tests.Unit", "tests\nuget-packages\AStar.Dev.Files.Api.Client.Sdk.Tests.Unit\AStar.Dev.Files.Api.Client.Sdk.Tests.Unit.csproj", "{56031BF4-72CF-4416-B260-7FC23B8F7EC1}"
EndProject
Project("{FAE04EC0-301F-11D3-BF4B-00C04F79EFBC}") = "AStar.Dev.Fluent.Assignments.Tests.Unit", "tests\nuget-packages\AStar.Dev.Fluent.Assignments.Tests.Unit\AStar.Dev.Fluent.Assignments.Tests.Unit.csproj", "{D61B2831-F702-4FD4-AC24-FB421E626864}"
EndProject
Project("{FAE04EC0-301F-11D3-BF4B-00C04F79EFBC}") = "AStar.Dev.Functional.Extensions.Tests.Unit", "tests\nuget-packages\AStar.Dev.Functional.Extensions.Tests.Unit\AStar.Dev.Functional.Extensions.Tests.Unit.csproj", "{354F2181-5046-4B15-A99D-692909E836DD}"
EndProject
Project("{FAE04EC0-301F-11D3-BF4B-00C04F79EFBC}") = "AStar.Dev.Guard.Clauses.Tests.Unit", "tests\nuget-packages\AStar.Dev.Guard.Clauses.Tests.Unit\AStar.Dev.Guard.Clauses.Tests.Unit.csproj", "{33A79032-6CC7-449A-9FEE-099CDB3BDB1A}"
EndProject
Project("{FAE04EC0-301F-11D3-BF4B-00C04F79EFBC}") = "AStar.Dev.Images.Api.Client.Sdk.Tests.Unit", "tests\nuget-packages\AStar.Dev.Images.Api.Client.Sdk.Tests.Unit\AStar.Dev.Images.Api.Client.Sdk.Tests.Unit.csproj", "{B25EB0B9-8C2C-45FA-819A-A88FE908B34B}"
EndProject
Project("{FAE04EC0-301F-11D3-BF4B-00C04F79EFBC}") = "AStar.Dev.Infrastructure.Tests.Unit", "tests\nuget-packages\AStar.Dev.Infrastructure.Tests.Unit\AStar.Dev.Infrastructure.Tests.Unit.csproj", "{62C56A28-8E7F-4C9C-A507-294458AB4322}"
EndProject
Project("{FAE04EC0-301F-11D3-BF4B-00C04F79EFBC}") = "AStar.Dev.Infrastructure.AdminDb.Tests.Unit", "tests\nuget-packages\AStar.Dev.Infrastructure.AdminDb.Tests.Unit\AStar.Dev.Infrastructure.AdminDb.Tests.Unit.csproj", "{28233149-9AF3-4ABA-AA4C-723FAA84BE58}"
EndProject
Project("{FAE04EC0-301F-11D3-BF4B-00C04F79EFBC}") = "AStar.Dev.Infrastructure.FilesDb.Tests.Unit", "tests\nuget-packages\AStar.Dev.Infrastructure.FilesDb.Tests.Unit\AStar.Dev.Infrastructure.FilesDb.Tests.Unit.csproj", "{13C842DC-ED40-4F9F-9B45-0E77BA063A8D}"
EndProject
Project("{FAE04EC0-301F-11D3-BF4B-00C04F79EFBC}") = "AStar.Dev.Logging.Extensions.Tests.Unit", "tests\nuget-packages\AStar.Dev.Logging.Extensions.Tests.Unit\AStar.Dev.Logging.Extensions.Tests.Unit.csproj", "{38CB4060-4A76-409A-99E6-7CF28E1E45D1}"
EndProject
Project("{FAE04EC0-301F-11D3-BF4B-00C04F79EFBC}") = "AStar.Dev.Restful.Root.Document.Tests.Unit", "tests\nuget-packages\AStar.Dev.Restful.Root.Document.Tests.Unit\AStar.Dev.Restful.Root.Document.Tests.Unit.csproj", "{B0377455-1DA9-4998-BCB4-12936B4A1209}"
EndProject
Project("{FAE04EC0-301F-11D3-BF4B-00C04F79EFBC}") = "AStar.Dev.Technical.Debt.Reporting.Tests.Unit", "tests\nuget-packages\AStar.Dev.Technical.Debt.Reporting.Tests.Unit\AStar.Dev.Technical.Debt.Reporting.Tests.Unit.csproj", "{CBDB5BB7-03DE-4133-A2EC-021ED382E921}"
EndProject
Project("{FAE04EC0-301F-11D3-BF4B-00C04F79EFBC}") = "AStar.Dev.Test.Helpers.Tests.Unit", "tests\nuget-packages\AStar.Dev.Test.Helpers.Tests.Unit\AStar.Dev.Test.Helpers.Tests.Unit.csproj", "{344CF717-3139-43FC-9FE1-F886A0F389D3}"
EndProject
Project("{FAE04EC0-301F-11D3-BF4B-00C04F79EFBC}") = "AStar.Dev.Test.Helpers.EndToEnd.Tests.Unit", "tests\nuget-packages\AStar.Dev.Test.Helpers.EndToEnd.Tests.Unit\AStar.Dev.Test.Helpers.EndToEnd.Tests.Unit.csproj", "{DD841074-7AE0-40DA-8780-FAFB3E9971EF}"
EndProject
Project("{FAE04EC0-301F-11D3-BF4B-00C04F79EFBC}") = "AStar.Dev.Test.Helpers.Integration.Tests.Unit", "tests\nuget-packages\AStar.Dev.Test.Helpers.Integration.Tests.Unit\AStar.Dev.Test.Helpers.Integration.Tests.Unit.csproj", "{C046512B-FF14-483A-AB67-BFB0B7735BF7}"
EndProject
Project("{FAE04EC0-301F-11D3-BF4B-00C04F79EFBC}") = "AStar.Dev.Test.Helpers.Tests.Unit.Unit", "tests\nuget-packages\AStar.Dev.Test.Helpers.Tests.Unit.Unit\AStar.Dev.Test.Helpers.Tests.Unit.Unit.csproj", "{9A43196D-2703-47F3-8028-96922296D630}"
EndProject
Project("{FAE04EC0-301F-11D3-BF4B-00C04F79EFBC}") = "AStar.Dev.Utilities.Tests.Unit", "tests\nuget-packages\AStar.Dev.Utilities.Tests.Unit\AStar.Dev.Utilities.Tests.Unit.csproj", "{6B6F03EE-3F60-4B06-8822-D1CC5D406CDD}"
EndProject
Project("{FAE04EC0-301F-11D3-BF4B-00C04F79EFBC}") = "AStar.Dev.Random.Image.Tests.Unit", "tests\uis\AStar.Dev.Random.Image.Tests.Unit\AStar.Dev.Random.Image.Tests.Unit.csproj", "{5CFF94D1-B6C7-4EDE-B236-ED53ADB4684C}"
EndProject
Project("{FAE04EC0-301F-11D3-BF4B-00C04F79EFBC}") = "AStar.Dev.Random.Image.Core.Tests.Unit", "tests\uis\AStar.Dev.Random.Image.Core.Tests.Unit\AStar.Dev.Random.Image.Core.Tests.Unit.csproj", "{C783A01F-ECEC-40E5-8792-0911A7A6CFD1}"
EndProject
Project("{FAE04EC0-301F-11D3-BF4B-00C04F79EFBC}") = "AStar.Dev.Random.Image.Tests.Integration", "tests\uis\AStar.Dev.Random.Image.Tests.Integration\AStar.Dev.Random.Image.Tests.Integration.csproj", "{F5E4A515-36E0-420A-892B-6F13C69040D9}"
EndProject
Project("{FAE04EC0-301F-11D3-BF4B-00C04F79EFBC}") = "AStar.Dev.Random.Image.Tests.EndToEnd", "tests\uis\AStar.Dev.Random.Image.Tests.EndToEnd\AStar.Dev.Random.Image.Tests.EndToEnd.csproj", "{EE542844-E9C4-4ACF-98B9-D5799599F2C8}"
EndProject
Project("{FAE04EC0-301F-11D3-BF4B-00C04F79EFBC}") = "AStar.Dev.Web.UI.Tests.Integration", "tests\uis\AStar.Dev.Web.UI.Tests.Integration\AStar.Dev.Web.UI.Tests.Integration.csproj", "{DE15FC47-4CD0-419F-A022-3440736E2343}"
EndProject
Project("{FAE04EC0-301F-11D3-BF4B-00C04F79EFBC}") = "AStar.Dev.Web.UI.Tests.EndToEnd", "tests\uis\AStar.Dev.Web.UI.Tests.EndToEnd\AStar.Dev.Web.UI.Tests.EndToEnd.csproj", "{C73DADE8-6793-4CD9-9300-F80EF2A835FA}"
EndProject
Project("{FAE04EC0-301F-11D3-BF4B-00C04F79EFBC}") = "AStar.Dev.Web.UI.Tests.Unit", "tests\uis\AStar.Dev.Web.UI.Tests.Unit\AStar.Dev.Web.UI.Tests.Unit.csproj", "{C4E79D96-EC90-45EF-B4BA-F6980958500C}"
EndProject
Project("{FAE04EC0-301F-11D3-BF4B-00C04F79EFBC}") = "AStar.Dev.Images.Api.Tests.EndToEnd", "tests\apis\AStar.Dev.Images.Api.Tests.EndToEnd\AStar.Dev.Images.Api.Tests.EndToEnd.csproj", "{76B57CE6-2B11-459A-89FD-3A2CB53A8674}"
EndProject
Project("{FAE04EC0-301F-11D3-BF4B-00C04F79EFBC}") = "AStar.Dev.Random.Image.Domain", "src\uis\AStar.Dev.Random.Image.Domain\AStar.Dev.Random.Image.Domain.csproj", "{90CEE526-6671-4190-8332-FEFDFF4F6E9E}"
EndProject
Project("{FAE04EC0-301F-11D3-BF4B-00C04F79EFBC}") = "AStar.Dev.BackupApp.Tests.Integration", "tests\console-apps\AStar.Dev.BackupApp.Tests.Integration\AStar.Dev.BackupApp.Tests.Integration.csproj", "{3452A5FC-3E6E-45E1-B284-83BF03E63346}"
EndProject
Project("{FAE04EC0-301F-11D3-BF4B-00C04F79EFBC}") = "AStar.Dev.Random.Image.Domain.Tests.Unit", "tests\uis\AStar.Dev.Random.Image.Domain.Tests.Unit\AStar.Dev.Random.Image.Domain.Tests.Unit.csproj", "{B18E7AB0-EBBB-41DF-872F-C34C75D5A831}"
EndProject
Project("{FAE04EC0-301F-11D3-BF4B-00C04F79EFBC}") = "AStar.Dev.Web", "src\uis\AStar.Dev.Web\AStar.Dev.Web.csproj", "{D294B306-C5D5-464B-9E7A-E1CC7D4B030F}"
EndProject
Project("{FAE04EC0-301F-11D3-BF4B-00C04F79EFBC}") = "AStar.Dev.Test.Helpers.Minimal.Api", "src\nuget-packages\AStar.Dev.Test.Helpers.Minimal.Api\AStar.Dev.Test.Helpers.Minimal.Api.csproj", "{22CFE249-0D3F-443B-9627-65EF580A84FC}"
EndProject
Project("{FAE04EC0-301F-11D3-BF4B-00C04F79EFBC}") = "AStar.Dev.Test.Helpers.Minimal.Api.Tests.Unit", "tests\nuget-packages\AStar.Dev.Test.Helpers.Minimal.Api.Tests.Unit\AStar.Dev.Test.Helpers.Minimal.Api.Tests.Unit.csproj", "{9E61664E-5393-46C8-BB1A-D63C070E57AD}"
EndProject
Project("{FAE04EC0-301F-11D3-BF4B-00C04F79EFBC}") = "AStar.Dev.Code.Generators", "AStar.Dev.Code.Generators\AStar.Dev.Code.Generators.csproj", "{53F70BF6-7B9D-45F7-905A-29E0C827E24C}"
EndProject
Project("{FAE04EC0-301F-11D3-BF4B-00C04F79EFBC}") = "AStar.Dev.Code.Generators.ConsoleApp", "AStar.Dev.Code.Generators.ConsoleApp\AStar.Dev.Code.Generators.ConsoleApp.csproj", "{025AD639-01B0-4C6B-A2A4-4875C5E5C7AB}"
EndProject
Project("{FAE04EC0-301F-11D3-BF4B-00C04F79EFBC}") = "AStar.Dev.Tests.Architecture", "tests\AStar.Dev.Tests.Architecture\AStar.Dev.Tests.Architecture.csproj", "{38F8A1E0-D903-452F-90E0-1398FBAF1E55}"
EndProject
Project("{FAE04EC0-301F-11D3-BF4B-00C04F79EFBC}") = "ToDoListService", "src\apis\Service\ToDoListService.csproj", "{ABE9E312-D48E-4DA2-9AA1-0398EDF280F9}"
EndProject
Project("{FAE04EC0-301F-11D3-BF4B-00C04F79EFBC}") = "AStar.Dev.Api.Client.Sdk.Shared", "src\nuget-packages\AStar.Dev.Api.Client.Sdk.Shared\AStar.Dev.Api.Client.Sdk.Shared.csproj", "{6F94B2E1-45EF-4A21-BA3B-03DE3F19FE85}"
EndProject
Project("{FAE04EC0-301F-11D3-BF4B-00C04F79EFBC}") = "AStar.Dev.Minimal.Api.Extensions", "src\nuget-packages\AStar.Dev.Minimal.Api.Extensions\AStar.Dev.Minimal.Api.Extensions.csproj", "{90194B6E-8D84-424A-A45E-EF033FC43AD2}"
EndProject
Project("{FAE04EC0-301F-11D3-BF4B-00C04F79EFBC}") = "AStar.Dev.Minimal.Api.Extensions.Tests.Unit", "tests\nuget-packages\AStar.Dev.Minimal.Api.Extensions.Tests.Unit\AStar.Dev.Minimal.Api.Extensions.Tests.Unit.csproj", "{580AD050-84DC-49DB-9E09-9304E6D11A4D}"
EndProject
Project("{FAE04EC0-301F-11D3-BF4B-00C04F79EFBC}") = "AStar.Dev.Api.Usage.Sdk", "src\nuget-packages\AStar.Dev.Api.Usage.Sdk\AStar.Dev.Api.Usage.Sdk.csproj", "{5556AB11-71E0-4CA0-B5C6-D1609A3A02EE}"
EndProject
Project("{2150E333-8FDC-42A3-9474-1A3956D46DE8}") = "services", "services", "{B6DD4D6D-BD28-465F-A3E1-8B7D9F2DAADA}"
EndProject
Project("{FAE04EC0-301F-11D3-BF4B-00C04F79EFBC}") = "AStar.Dev.Usage.Logger", "src\services\AStar.Dev.Usage.Logger\AStar.Dev.Usage.Logger.csproj", "{6055EBFD-CED2-4376-87C3-8E52150BBDC2}"
EndProject
Project("{FAE04EC0-301F-11D3-BF4B-00C04F79EFBC}") = "AStar.Dev.Auth.Extensions", "src\nuget-packages\AStar.Dev.Auth.Extensions\AStar.Dev.Auth.Extensions.csproj", "{0E8A1B77-8E05-4ADB-97F8-78ACB9A60E4C}"
EndProject
Project("{FAE04EC0-301F-11D3-BF4B-00C04F79EFBC}") = "AStar.Dev.Infrastructure.UsageDb", "src\nuget-packages\AStar.Dev.Infrastructure.UsageDb\AStar.Dev.Infrastructure.UsageDb.csproj", "{DA851F19-059D-4572-8865-5E266B4CFECE}"
EndProject
Project("{FAE04EC0-301F-11D3-BF4B-00C04F79EFBC}") = "AStar.Dev.Usage.Api.Client.SDK", "src\nuget-packages\AStar.Dev.Usage.Api.Client.SDK\AStar.Dev.Usage.Api.Client.SDK.csproj", "{1B96061C-5BE6-471F-9933-D9D23B83B7FD}"
EndProject
Project("{FAE04EC0-301F-11D3-BF4B-00C04F79EFBC}") = "AStar.Dev.Wallpaper.Scrapper", "src\services\AStar.Dev.Wallpaper.Scrapper\AStar.Dev.Wallpaper.Scrapper.csproj", "{ACE17AA6-C7F8-40FE-8EA8-0877690F0917}"
EndProject
Project("{FAE04EC0-301F-11D3-BF4B-00C04F79EFBC}") = "AStar.Dev.File.Classifications.Api", "src\apis\AStar.Dev.File.Classifications.Api\AStar.Dev.File.Classifications.Api.csproj", "{A8D9748D-FD2E-4BF9-A2DF-EFDEBDAF0A2B}"
EndProject
Project("{FAE04EC0-301F-11D3-BF4B-00C04F79EFBC}") = "AStar.Dev.Infrastructure.FileClassificationsDb", "src\nuget-packages\AStar.Dev.Infrastructure.FileClassificationsDb\AStar.Dev.Infrastructure.FileClassificationsDb.csproj", "{63793E74-753F-4659-BCC6-15C547F7D196}"
EndProject
Project("{FAE04EC0-301F-11D3-BF4B-00C04F79EFBC}") = "AStar.Dev.File.Classifications.Api.Client.SDK", "src\nuget-packages\AStar.Dev.File.Classifications.Api.Client.SDK\AStar.Dev.File.Classifications.Api.Client.SDK.csproj", "{DAE91EA8-1630-40B1-9720-D0D886B1916E}"
EndProject
Project("{2150E333-8FDC-42A3-9474-1A3956D46DE8}") = "services", "services", "{77EFCE3D-95E5-4252-BA03-FE13FC311753}"
EndProject
Project("{FAE04EC0-301F-11D3-BF4B-00C04F79EFBC}") = "AStar.Dev.Refactorings.Reporter", "src\console-apps\AStar.Dev.Refactorings.Reporter\AStar.Dev.Refactorings.Reporter.csproj", "{9DD66C58-A987-44FE-880C-3CB3B73DA361}"
EndProject
Global
	GlobalSection(SolutionConfigurationPlatforms) = preSolution
		Debug|Any CPU = Debug|Any CPU
		Release|Any CPU = Release|Any CPU
	EndGlobalSection
	GlobalSection(ProjectConfigurationPlatforms) = postSolution
		{1733EE2C-2604-495C-AAB4-23EAC9B313F4}.Debug|Any CPU.ActiveCfg = Debug|Any CPU
		{1733EE2C-2604-495C-AAB4-23EAC9B313F4}.Debug|Any CPU.Build.0 = Debug|Any CPU
		{1733EE2C-2604-495C-AAB4-23EAC9B313F4}.Release|Any CPU.ActiveCfg = Release|Any CPU
		{1733EE2C-2604-495C-AAB4-23EAC9B313F4}.Release|Any CPU.Build.0 = Release|Any CPU
		{A038303C-5AC2-43B9-A818-7B79E2F66639}.Debug|Any CPU.ActiveCfg = Debug|Any CPU
		{A038303C-5AC2-43B9-A818-7B79E2F66639}.Debug|Any CPU.Build.0 = Debug|Any CPU
		{A038303C-5AC2-43B9-A818-7B79E2F66639}.Release|Any CPU.ActiveCfg = Release|Any CPU
		{A038303C-5AC2-43B9-A818-7B79E2F66639}.Release|Any CPU.Build.0 = Release|Any CPU
		{892CD9A7-A0DB-4F24-B0D5-04D94C76C778}.Debug|Any CPU.ActiveCfg = Debug|Any CPU
		{892CD9A7-A0DB-4F24-B0D5-04D94C76C778}.Debug|Any CPU.Build.0 = Debug|Any CPU
		{892CD9A7-A0DB-4F24-B0D5-04D94C76C778}.Release|Any CPU.ActiveCfg = Release|Any CPU
		{892CD9A7-A0DB-4F24-B0D5-04D94C76C778}.Release|Any CPU.Build.0 = Release|Any CPU
		{0CCFAAE5-76E4-4DC0-823B-3B917EDCAEE8}.Debug|Any CPU.ActiveCfg = Debug|Any CPU
		{0CCFAAE5-76E4-4DC0-823B-3B917EDCAEE8}.Debug|Any CPU.Build.0 = Debug|Any CPU
		{0CCFAAE5-76E4-4DC0-823B-3B917EDCAEE8}.Release|Any CPU.ActiveCfg = Release|Any CPU
		{0CCFAAE5-76E4-4DC0-823B-3B917EDCAEE8}.Release|Any CPU.Build.0 = Release|Any CPU
		{F2803CC7-F9B5-488F-B3E9-B5BC095F811C}.Debug|Any CPU.ActiveCfg = Debug|Any CPU
		{F2803CC7-F9B5-488F-B3E9-B5BC095F811C}.Debug|Any CPU.Build.0 = Debug|Any CPU
		{F2803CC7-F9B5-488F-B3E9-B5BC095F811C}.Release|Any CPU.ActiveCfg = Release|Any CPU
		{F2803CC7-F9B5-488F-B3E9-B5BC095F811C}.Release|Any CPU.Build.0 = Release|Any CPU
		{1DB0534F-CA71-4C70-9CED-1940523B86FA}.Debug|Any CPU.ActiveCfg = Debug|Any CPU
		{1DB0534F-CA71-4C70-9CED-1940523B86FA}.Debug|Any CPU.Build.0 = Debug|Any CPU
		{1DB0534F-CA71-4C70-9CED-1940523B86FA}.Release|Any CPU.ActiveCfg = Release|Any CPU
		{1DB0534F-CA71-4C70-9CED-1940523B86FA}.Release|Any CPU.Build.0 = Release|Any CPU
		{7A925B83-0A2D-450E-B732-DF9569A5C807}.Debug|Any CPU.ActiveCfg = Debug|Any CPU
		{7A925B83-0A2D-450E-B732-DF9569A5C807}.Debug|Any CPU.Build.0 = Debug|Any CPU
		{7A925B83-0A2D-450E-B732-DF9569A5C807}.Release|Any CPU.ActiveCfg = Release|Any CPU
		{7A925B83-0A2D-450E-B732-DF9569A5C807}.Release|Any CPU.Build.0 = Release|Any CPU
		{5ADCD3C1-4F53-4484-89FB-21A488386B2F}.Debug|Any CPU.ActiveCfg = Debug|Any CPU
		{5ADCD3C1-4F53-4484-89FB-21A488386B2F}.Debug|Any CPU.Build.0 = Debug|Any CPU
		{5ADCD3C1-4F53-4484-89FB-21A488386B2F}.Release|Any CPU.ActiveCfg = Release|Any CPU
		{5ADCD3C1-4F53-4484-89FB-21A488386B2F}.Release|Any CPU.Build.0 = Release|Any CPU
		{6F342AF2-67ED-4D48-B474-75139C82C0FD}.Debug|Any CPU.ActiveCfg = Debug|Any CPU
		{6F342AF2-67ED-4D48-B474-75139C82C0FD}.Debug|Any CPU.Build.0 = Debug|Any CPU
		{6F342AF2-67ED-4D48-B474-75139C82C0FD}.Release|Any CPU.ActiveCfg = Release|Any CPU
		{6F342AF2-67ED-4D48-B474-75139C82C0FD}.Release|Any CPU.Build.0 = Release|Any CPU
		{776BE994-DE4E-4858-B93B-AA24D66FF6F9}.Debug|Any CPU.ActiveCfg = Debug|Any CPU
		{776BE994-DE4E-4858-B93B-AA24D66FF6F9}.Debug|Any CPU.Build.0 = Debug|Any CPU
		{776BE994-DE4E-4858-B93B-AA24D66FF6F9}.Release|Any CPU.ActiveCfg = Release|Any CPU
		{776BE994-DE4E-4858-B93B-AA24D66FF6F9}.Release|Any CPU.Build.0 = Release|Any CPU
		{CB34BFAD-3E94-49A5-92FA-74DD7841E418}.Debug|Any CPU.ActiveCfg = Debug|Any CPU
		{CB34BFAD-3E94-49A5-92FA-74DD7841E418}.Debug|Any CPU.Build.0 = Debug|Any CPU
		{CB34BFAD-3E94-49A5-92FA-74DD7841E418}.Release|Any CPU.ActiveCfg = Release|Any CPU
		{CB34BFAD-3E94-49A5-92FA-74DD7841E418}.Release|Any CPU.Build.0 = Release|Any CPU
		{B97D88AE-FB45-4A8D-8939-11060DACF3AA}.Debug|Any CPU.ActiveCfg = Debug|Any CPU
		{B97D88AE-FB45-4A8D-8939-11060DACF3AA}.Debug|Any CPU.Build.0 = Debug|Any CPU
		{B97D88AE-FB45-4A8D-8939-11060DACF3AA}.Release|Any CPU.ActiveCfg = Release|Any CPU
		{B97D88AE-FB45-4A8D-8939-11060DACF3AA}.Release|Any CPU.Build.0 = Release|Any CPU
		{95DCF809-7ED8-41E3-BCB6-CC04BC38D552}.Debug|Any CPU.ActiveCfg = Debug|Any CPU
		{95DCF809-7ED8-41E3-BCB6-CC04BC38D552}.Debug|Any CPU.Build.0 = Debug|Any CPU
		{95DCF809-7ED8-41E3-BCB6-CC04BC38D552}.Release|Any CPU.ActiveCfg = Release|Any CPU
		{95DCF809-7ED8-41E3-BCB6-CC04BC38D552}.Release|Any CPU.Build.0 = Release|Any CPU
		{615E856F-730F-4451-9DA9-B83353B565D5}.Debug|Any CPU.ActiveCfg = Debug|Any CPU
		{615E856F-730F-4451-9DA9-B83353B565D5}.Debug|Any CPU.Build.0 = Debug|Any CPU
		{615E856F-730F-4451-9DA9-B83353B565D5}.Release|Any CPU.ActiveCfg = Release|Any CPU
		{615E856F-730F-4451-9DA9-B83353B565D5}.Release|Any CPU.Build.0 = Release|Any CPU
		{8C64A973-F02A-4B97-8D9F-4D8A5C40CC29}.Debug|Any CPU.ActiveCfg = Debug|Any CPU
		{8C64A973-F02A-4B97-8D9F-4D8A5C40CC29}.Debug|Any CPU.Build.0 = Debug|Any CPU
		{8C64A973-F02A-4B97-8D9F-4D8A5C40CC29}.Release|Any CPU.ActiveCfg = Release|Any CPU
		{8C64A973-F02A-4B97-8D9F-4D8A5C40CC29}.Release|Any CPU.Build.0 = Release|Any CPU
		{7489EC79-DCEE-498F-9F65-5E7BA3014227}.Debug|Any CPU.ActiveCfg = Debug|Any CPU
		{7489EC79-DCEE-498F-9F65-5E7BA3014227}.Debug|Any CPU.Build.0 = Debug|Any CPU
		{7489EC79-DCEE-498F-9F65-5E7BA3014227}.Release|Any CPU.ActiveCfg = Release|Any CPU
		{7489EC79-DCEE-498F-9F65-5E7BA3014227}.Release|Any CPU.Build.0 = Release|Any CPU
		{5AE643D7-2E72-421B-8671-BB1FF8EA4DDD}.Debug|Any CPU.ActiveCfg = Debug|Any CPU
		{5AE643D7-2E72-421B-8671-BB1FF8EA4DDD}.Debug|Any CPU.Build.0 = Debug|Any CPU
		{5AE643D7-2E72-421B-8671-BB1FF8EA4DDD}.Release|Any CPU.ActiveCfg = Release|Any CPU
		{5AE643D7-2E72-421B-8671-BB1FF8EA4DDD}.Release|Any CPU.Build.0 = Release|Any CPU
		{70352155-4AFE-48F7-9A23-E45B35ACED13}.Debug|Any CPU.ActiveCfg = Debug|Any CPU
		{70352155-4AFE-48F7-9A23-E45B35ACED13}.Debug|Any CPU.Build.0 = Debug|Any CPU
		{70352155-4AFE-48F7-9A23-E45B35ACED13}.Release|Any CPU.ActiveCfg = Release|Any CPU
		{70352155-4AFE-48F7-9A23-E45B35ACED13}.Release|Any CPU.Build.0 = Release|Any CPU
		{2DD3DDA6-765D-48C1-84A7-C423536E897D}.Debug|Any CPU.ActiveCfg = Debug|Any CPU
		{2DD3DDA6-765D-48C1-84A7-C423536E897D}.Debug|Any CPU.Build.0 = Debug|Any CPU
		{2DD3DDA6-765D-48C1-84A7-C423536E897D}.Release|Any CPU.ActiveCfg = Release|Any CPU
		{2DD3DDA6-765D-48C1-84A7-C423536E897D}.Release|Any CPU.Build.0 = Release|Any CPU
		{BE76B5D2-D3FF-4251-8409-EAFB2B56F254}.Debug|Any CPU.ActiveCfg = Debug|Any CPU
		{BE76B5D2-D3FF-4251-8409-EAFB2B56F254}.Debug|Any CPU.Build.0 = Debug|Any CPU
		{BE76B5D2-D3FF-4251-8409-EAFB2B56F254}.Release|Any CPU.ActiveCfg = Release|Any CPU
		{BE76B5D2-D3FF-4251-8409-EAFB2B56F254}.Release|Any CPU.Build.0 = Release|Any CPU
		{38460C31-1E8B-4199-BC3B-6A1F0813B8A4}.Debug|Any CPU.ActiveCfg = Debug|Any CPU
		{38460C31-1E8B-4199-BC3B-6A1F0813B8A4}.Debug|Any CPU.Build.0 = Debug|Any CPU
		{38460C31-1E8B-4199-BC3B-6A1F0813B8A4}.Release|Any CPU.ActiveCfg = Release|Any CPU
		{38460C31-1E8B-4199-BC3B-6A1F0813B8A4}.Release|Any CPU.Build.0 = Release|Any CPU
		{2B27021C-1FD8-47BF-96AA-649D1F10CE14}.Debug|Any CPU.ActiveCfg = Debug|Any CPU
		{2B27021C-1FD8-47BF-96AA-649D1F10CE14}.Debug|Any CPU.Build.0 = Debug|Any CPU
		{2B27021C-1FD8-47BF-96AA-649D1F10CE14}.Release|Any CPU.ActiveCfg = Release|Any CPU
		{2B27021C-1FD8-47BF-96AA-649D1F10CE14}.Release|Any CPU.Build.0 = Release|Any CPU
		{96DEA6DA-DC85-4529-AEAF-92AF9091C407}.Debug|Any CPU.ActiveCfg = Debug|Any CPU
		{96DEA6DA-DC85-4529-AEAF-92AF9091C407}.Debug|Any CPU.Build.0 = Debug|Any CPU
		{96DEA6DA-DC85-4529-AEAF-92AF9091C407}.Release|Any CPU.ActiveCfg = Release|Any CPU
		{96DEA6DA-DC85-4529-AEAF-92AF9091C407}.Release|Any CPU.Build.0 = Release|Any CPU
		{40B33CE7-7DD6-49BD-A10F-3A734785832E}.Debug|Any CPU.ActiveCfg = Debug|Any CPU
		{40B33CE7-7DD6-49BD-A10F-3A734785832E}.Debug|Any CPU.Build.0 = Debug|Any CPU
		{40B33CE7-7DD6-49BD-A10F-3A734785832E}.Release|Any CPU.ActiveCfg = Release|Any CPU
		{40B33CE7-7DD6-49BD-A10F-3A734785832E}.Release|Any CPU.Build.0 = Release|Any CPU
		{CBE04A0B-3B79-4AB6-A7A7-861BD901E927}.Debug|Any CPU.ActiveCfg = Debug|Any CPU
		{CBE04A0B-3B79-4AB6-A7A7-861BD901E927}.Debug|Any CPU.Build.0 = Debug|Any CPU
		{CBE04A0B-3B79-4AB6-A7A7-861BD901E927}.Release|Any CPU.ActiveCfg = Release|Any CPU
		{CBE04A0B-3B79-4AB6-A7A7-861BD901E927}.Release|Any CPU.Build.0 = Release|Any CPU
		{2426AF82-A202-4EF5-AE25-FCA50DE2D6F1}.Debug|Any CPU.ActiveCfg = Debug|Any CPU
		{2426AF82-A202-4EF5-AE25-FCA50DE2D6F1}.Debug|Any CPU.Build.0 = Debug|Any CPU
		{2426AF82-A202-4EF5-AE25-FCA50DE2D6F1}.Release|Any CPU.ActiveCfg = Release|Any CPU
		{2426AF82-A202-4EF5-AE25-FCA50DE2D6F1}.Release|Any CPU.Build.0 = Release|Any CPU
		{D328E43B-864A-49C3-9EC3-2F35423E3514}.Debug|Any CPU.ActiveCfg = Debug|Any CPU
		{D328E43B-864A-49C3-9EC3-2F35423E3514}.Debug|Any CPU.Build.0 = Debug|Any CPU
		{D328E43B-864A-49C3-9EC3-2F35423E3514}.Release|Any CPU.ActiveCfg = Release|Any CPU
		{D328E43B-864A-49C3-9EC3-2F35423E3514}.Release|Any CPU.Build.0 = Release|Any CPU
		{D90CBE13-9CE3-42D8-94B2-AA93D6A4E77C}.Debug|Any CPU.ActiveCfg = Debug|Any CPU
		{D90CBE13-9CE3-42D8-94B2-AA93D6A4E77C}.Debug|Any CPU.Build.0 = Debug|Any CPU
		{D90CBE13-9CE3-42D8-94B2-AA93D6A4E77C}.Release|Any CPU.ActiveCfg = Release|Any CPU
		{D90CBE13-9CE3-42D8-94B2-AA93D6A4E77C}.Release|Any CPU.Build.0 = Release|Any CPU
		{0574D80E-3131-4E32-A145-1112ED735A99}.Debug|Any CPU.ActiveCfg = Debug|Any CPU
		{0574D80E-3131-4E32-A145-1112ED735A99}.Debug|Any CPU.Build.0 = Debug|Any CPU
		{0574D80E-3131-4E32-A145-1112ED735A99}.Release|Any CPU.ActiveCfg = Release|Any CPU
		{0574D80E-3131-4E32-A145-1112ED735A99}.Release|Any CPU.Build.0 = Release|Any CPU
		{AC8121A8-8F17-487C-9FDC-3DA8A8A9F014}.Debug|Any CPU.ActiveCfg = Debug|Any CPU
		{AC8121A8-8F17-487C-9FDC-3DA8A8A9F014}.Debug|Any CPU.Build.0 = Debug|Any CPU
		{AC8121A8-8F17-487C-9FDC-3DA8A8A9F014}.Release|Any CPU.ActiveCfg = Release|Any CPU
		{AC8121A8-8F17-487C-9FDC-3DA8A8A9F014}.Release|Any CPU.Build.0 = Release|Any CPU
		{A84B8354-7B6C-466B-AED6-F190851CD8A4}.Debug|Any CPU.ActiveCfg = Debug|Any CPU
		{A84B8354-7B6C-466B-AED6-F190851CD8A4}.Debug|Any CPU.Build.0 = Debug|Any CPU
		{A84B8354-7B6C-466B-AED6-F190851CD8A4}.Release|Any CPU.ActiveCfg = Release|Any CPU
		{A84B8354-7B6C-466B-AED6-F190851CD8A4}.Release|Any CPU.Build.0 = Release|Any CPU
		{AC59E20E-A34A-4E36-96B7-AD4282BE91EB}.Debug|Any CPU.ActiveCfg = Debug|Any CPU
		{AC59E20E-A34A-4E36-96B7-AD4282BE91EB}.Debug|Any CPU.Build.0 = Debug|Any CPU
		{AC59E20E-A34A-4E36-96B7-AD4282BE91EB}.Release|Any CPU.ActiveCfg = Release|Any CPU
		{AC59E20E-A34A-4E36-96B7-AD4282BE91EB}.Release|Any CPU.Build.0 = Release|Any CPU
		{767FC2D3-4474-4A3F-96EC-D7B6DC03C8C1}.Debug|Any CPU.ActiveCfg = Debug|Any CPU
		{767FC2D3-4474-4A3F-96EC-D7B6DC03C8C1}.Debug|Any CPU.Build.0 = Debug|Any CPU
		{767FC2D3-4474-4A3F-96EC-D7B6DC03C8C1}.Release|Any CPU.ActiveCfg = Release|Any CPU
		{767FC2D3-4474-4A3F-96EC-D7B6DC03C8C1}.Release|Any CPU.Build.0 = Release|Any CPU
		{CEBCA1A2-AABD-47FE-9923-83B6F83693E0}.Debug|Any CPU.ActiveCfg = Debug|Any CPU
		{CEBCA1A2-AABD-47FE-9923-83B6F83693E0}.Debug|Any CPU.Build.0 = Debug|Any CPU
		{CEBCA1A2-AABD-47FE-9923-83B6F83693E0}.Release|Any CPU.ActiveCfg = Release|Any CPU
		{CEBCA1A2-AABD-47FE-9923-83B6F83693E0}.Release|Any CPU.Build.0 = Release|Any CPU
		{A2FCE178-7C62-4F62-9A9F-B281B116A59A}.Debug|Any CPU.ActiveCfg = Debug|Any CPU
		{A2FCE178-7C62-4F62-9A9F-B281B116A59A}.Debug|Any CPU.Build.0 = Debug|Any CPU
		{A2FCE178-7C62-4F62-9A9F-B281B116A59A}.Release|Any CPU.ActiveCfg = Release|Any CPU
		{A2FCE178-7C62-4F62-9A9F-B281B116A59A}.Release|Any CPU.Build.0 = Release|Any CPU
		{689502EE-E276-46C6-ACF8-09E81DCD6720}.Debug|Any CPU.ActiveCfg = Debug|Any CPU
		{689502EE-E276-46C6-ACF8-09E81DCD6720}.Debug|Any CPU.Build.0 = Debug|Any CPU
		{689502EE-E276-46C6-ACF8-09E81DCD6720}.Release|Any CPU.ActiveCfg = Release|Any CPU
		{689502EE-E276-46C6-ACF8-09E81DCD6720}.Release|Any CPU.Build.0 = Release|Any CPU
		{84C0B6D1-6BA7-48C9-9EE9-2197F106F5E6}.Debug|Any CPU.ActiveCfg = Debug|Any CPU
		{84C0B6D1-6BA7-48C9-9EE9-2197F106F5E6}.Debug|Any CPU.Build.0 = Debug|Any CPU
		{84C0B6D1-6BA7-48C9-9EE9-2197F106F5E6}.Release|Any CPU.ActiveCfg = Release|Any CPU
		{84C0B6D1-6BA7-48C9-9EE9-2197F106F5E6}.Release|Any CPU.Build.0 = Release|Any CPU
		{DA8C3D7B-0D10-460B-B585-E0F66A8CB816}.Debug|Any CPU.ActiveCfg = Debug|Any CPU
		{DA8C3D7B-0D10-460B-B585-E0F66A8CB816}.Debug|Any CPU.Build.0 = Debug|Any CPU
		{DA8C3D7B-0D10-460B-B585-E0F66A8CB816}.Release|Any CPU.ActiveCfg = Release|Any CPU
		{DA8C3D7B-0D10-460B-B585-E0F66A8CB816}.Release|Any CPU.Build.0 = Release|Any CPU
		{56C700F1-3FEF-4BA2-BB50-5575A88A699E}.Debug|Any CPU.ActiveCfg = Debug|Any CPU
		{56C700F1-3FEF-4BA2-BB50-5575A88A699E}.Debug|Any CPU.Build.0 = Debug|Any CPU
		{56C700F1-3FEF-4BA2-BB50-5575A88A699E}.Release|Any CPU.ActiveCfg = Release|Any CPU
		{56C700F1-3FEF-4BA2-BB50-5575A88A699E}.Release|Any CPU.Build.0 = Release|Any CPU
		{368AC940-ACAF-4B13-B504-D3BA9298E2BF}.Debug|Any CPU.ActiveCfg = Debug|Any CPU
		{368AC940-ACAF-4B13-B504-D3BA9298E2BF}.Debug|Any CPU.Build.0 = Debug|Any CPU
		{368AC940-ACAF-4B13-B504-D3BA9298E2BF}.Release|Any CPU.ActiveCfg = Release|Any CPU
		{368AC940-ACAF-4B13-B504-D3BA9298E2BF}.Release|Any CPU.Build.0 = Release|Any CPU
		{56031BF4-72CF-4416-B260-7FC23B8F7EC1}.Debug|Any CPU.ActiveCfg = Debug|Any CPU
		{56031BF4-72CF-4416-B260-7FC23B8F7EC1}.Debug|Any CPU.Build.0 = Debug|Any CPU
		{56031BF4-72CF-4416-B260-7FC23B8F7EC1}.Release|Any CPU.ActiveCfg = Release|Any CPU
		{56031BF4-72CF-4416-B260-7FC23B8F7EC1}.Release|Any CPU.Build.0 = Release|Any CPU
		{D61B2831-F702-4FD4-AC24-FB421E626864}.Debug|Any CPU.ActiveCfg = Debug|Any CPU
		{D61B2831-F702-4FD4-AC24-FB421E626864}.Debug|Any CPU.Build.0 = Debug|Any CPU
		{D61B2831-F702-4FD4-AC24-FB421E626864}.Release|Any CPU.ActiveCfg = Release|Any CPU
		{D61B2831-F702-4FD4-AC24-FB421E626864}.Release|Any CPU.Build.0 = Release|Any CPU
		{354F2181-5046-4B15-A99D-692909E836DD}.Debug|Any CPU.ActiveCfg = Debug|Any CPU
		{354F2181-5046-4B15-A99D-692909E836DD}.Debug|Any CPU.Build.0 = Debug|Any CPU
		{354F2181-5046-4B15-A99D-692909E836DD}.Release|Any CPU.ActiveCfg = Release|Any CPU
		{354F2181-5046-4B15-A99D-692909E836DD}.Release|Any CPU.Build.0 = Release|Any CPU
		{33A79032-6CC7-449A-9FEE-099CDB3BDB1A}.Debug|Any CPU.ActiveCfg = Debug|Any CPU
		{33A79032-6CC7-449A-9FEE-099CDB3BDB1A}.Debug|Any CPU.Build.0 = Debug|Any CPU
		{33A79032-6CC7-449A-9FEE-099CDB3BDB1A}.Release|Any CPU.ActiveCfg = Release|Any CPU
		{33A79032-6CC7-449A-9FEE-099CDB3BDB1A}.Release|Any CPU.Build.0 = Release|Any CPU
		{B25EB0B9-8C2C-45FA-819A-A88FE908B34B}.Debug|Any CPU.ActiveCfg = Debug|Any CPU
		{B25EB0B9-8C2C-45FA-819A-A88FE908B34B}.Debug|Any CPU.Build.0 = Debug|Any CPU
		{B25EB0B9-8C2C-45FA-819A-A88FE908B34B}.Release|Any CPU.ActiveCfg = Release|Any CPU
		{B25EB0B9-8C2C-45FA-819A-A88FE908B34B}.Release|Any CPU.Build.0 = Release|Any CPU
		{62C56A28-8E7F-4C9C-A507-294458AB4322}.Debug|Any CPU.ActiveCfg = Debug|Any CPU
		{62C56A28-8E7F-4C9C-A507-294458AB4322}.Debug|Any CPU.Build.0 = Debug|Any CPU
		{62C56A28-8E7F-4C9C-A507-294458AB4322}.Release|Any CPU.ActiveCfg = Release|Any CPU
		{62C56A28-8E7F-4C9C-A507-294458AB4322}.Release|Any CPU.Build.0 = Release|Any CPU
		{28233149-9AF3-4ABA-AA4C-723FAA84BE58}.Debug|Any CPU.ActiveCfg = Debug|Any CPU
		{28233149-9AF3-4ABA-AA4C-723FAA84BE58}.Debug|Any CPU.Build.0 = Debug|Any CPU
		{28233149-9AF3-4ABA-AA4C-723FAA84BE58}.Release|Any CPU.ActiveCfg = Release|Any CPU
		{28233149-9AF3-4ABA-AA4C-723FAA84BE58}.Release|Any CPU.Build.0 = Release|Any CPU
		{13C842DC-ED40-4F9F-9B45-0E77BA063A8D}.Debug|Any CPU.ActiveCfg = Debug|Any CPU
		{13C842DC-ED40-4F9F-9B45-0E77BA063A8D}.Debug|Any CPU.Build.0 = Debug|Any CPU
		{13C842DC-ED40-4F9F-9B45-0E77BA063A8D}.Release|Any CPU.ActiveCfg = Release|Any CPU
		{13C842DC-ED40-4F9F-9B45-0E77BA063A8D}.Release|Any CPU.Build.0 = Release|Any CPU
		{38CB4060-4A76-409A-99E6-7CF28E1E45D1}.Debug|Any CPU.ActiveCfg = Debug|Any CPU
		{38CB4060-4A76-409A-99E6-7CF28E1E45D1}.Debug|Any CPU.Build.0 = Debug|Any CPU
		{38CB4060-4A76-409A-99E6-7CF28E1E45D1}.Release|Any CPU.ActiveCfg = Release|Any CPU
		{38CB4060-4A76-409A-99E6-7CF28E1E45D1}.Release|Any CPU.Build.0 = Release|Any CPU
		{B0377455-1DA9-4998-BCB4-12936B4A1209}.Debug|Any CPU.ActiveCfg = Debug|Any CPU
		{B0377455-1DA9-4998-BCB4-12936B4A1209}.Debug|Any CPU.Build.0 = Debug|Any CPU
		{B0377455-1DA9-4998-BCB4-12936B4A1209}.Release|Any CPU.ActiveCfg = Release|Any CPU
		{B0377455-1DA9-4998-BCB4-12936B4A1209}.Release|Any CPU.Build.0 = Release|Any CPU
		{CBDB5BB7-03DE-4133-A2EC-021ED382E921}.Debug|Any CPU.ActiveCfg = Debug|Any CPU
		{CBDB5BB7-03DE-4133-A2EC-021ED382E921}.Debug|Any CPU.Build.0 = Debug|Any CPU
		{CBDB5BB7-03DE-4133-A2EC-021ED382E921}.Release|Any CPU.ActiveCfg = Release|Any CPU
		{CBDB5BB7-03DE-4133-A2EC-021ED382E921}.Release|Any CPU.Build.0 = Release|Any CPU
		{344CF717-3139-43FC-9FE1-F886A0F389D3}.Debug|Any CPU.ActiveCfg = Debug|Any CPU
		{344CF717-3139-43FC-9FE1-F886A0F389D3}.Debug|Any CPU.Build.0 = Debug|Any CPU
		{344CF717-3139-43FC-9FE1-F886A0F389D3}.Release|Any CPU.ActiveCfg = Release|Any CPU
		{344CF717-3139-43FC-9FE1-F886A0F389D3}.Release|Any CPU.Build.0 = Release|Any CPU
		{DD841074-7AE0-40DA-8780-FAFB3E9971EF}.Debug|Any CPU.ActiveCfg = Debug|Any CPU
		{DD841074-7AE0-40DA-8780-FAFB3E9971EF}.Debug|Any CPU.Build.0 = Debug|Any CPU
		{DD841074-7AE0-40DA-8780-FAFB3E9971EF}.Release|Any CPU.ActiveCfg = Release|Any CPU
		{DD841074-7AE0-40DA-8780-FAFB3E9971EF}.Release|Any CPU.Build.0 = Release|Any CPU
		{C046512B-FF14-483A-AB67-BFB0B7735BF7}.Debug|Any CPU.ActiveCfg = Debug|Any CPU
		{C046512B-FF14-483A-AB67-BFB0B7735BF7}.Debug|Any CPU.Build.0 = Debug|Any CPU
		{C046512B-FF14-483A-AB67-BFB0B7735BF7}.Release|Any CPU.ActiveCfg = Release|Any CPU
		{C046512B-FF14-483A-AB67-BFB0B7735BF7}.Release|Any CPU.Build.0 = Release|Any CPU
		{9A43196D-2703-47F3-8028-96922296D630}.Debug|Any CPU.ActiveCfg = Debug|Any CPU
		{9A43196D-2703-47F3-8028-96922296D630}.Debug|Any CPU.Build.0 = Debug|Any CPU
		{9A43196D-2703-47F3-8028-96922296D630}.Release|Any CPU.ActiveCfg = Release|Any CPU
		{9A43196D-2703-47F3-8028-96922296D630}.Release|Any CPU.Build.0 = Release|Any CPU
		{6B6F03EE-3F60-4B06-8822-D1CC5D406CDD}.Debug|Any CPU.ActiveCfg = Debug|Any CPU
		{6B6F03EE-3F60-4B06-8822-D1CC5D406CDD}.Debug|Any CPU.Build.0 = Debug|Any CPU
		{6B6F03EE-3F60-4B06-8822-D1CC5D406CDD}.Release|Any CPU.ActiveCfg = Release|Any CPU
		{6B6F03EE-3F60-4B06-8822-D1CC5D406CDD}.Release|Any CPU.Build.0 = Release|Any CPU
		{5CFF94D1-B6C7-4EDE-B236-ED53ADB4684C}.Debug|Any CPU.ActiveCfg = Debug|Any CPU
		{5CFF94D1-B6C7-4EDE-B236-ED53ADB4684C}.Debug|Any CPU.Build.0 = Debug|Any CPU
		{5CFF94D1-B6C7-4EDE-B236-ED53ADB4684C}.Release|Any CPU.ActiveCfg = Release|Any CPU
		{5CFF94D1-B6C7-4EDE-B236-ED53ADB4684C}.Release|Any CPU.Build.0 = Release|Any CPU
		{C783A01F-ECEC-40E5-8792-0911A7A6CFD1}.Debug|Any CPU.ActiveCfg = Debug|Any CPU
		{C783A01F-ECEC-40E5-8792-0911A7A6CFD1}.Debug|Any CPU.Build.0 = Debug|Any CPU
		{C783A01F-ECEC-40E5-8792-0911A7A6CFD1}.Release|Any CPU.ActiveCfg = Release|Any CPU
		{C783A01F-ECEC-40E5-8792-0911A7A6CFD1}.Release|Any CPU.Build.0 = Release|Any CPU
		{F5E4A515-36E0-420A-892B-6F13C69040D9}.Debug|Any CPU.ActiveCfg = Debug|Any CPU
		{F5E4A515-36E0-420A-892B-6F13C69040D9}.Debug|Any CPU.Build.0 = Debug|Any CPU
		{F5E4A515-36E0-420A-892B-6F13C69040D9}.Release|Any CPU.ActiveCfg = Release|Any CPU
		{F5E4A515-36E0-420A-892B-6F13C69040D9}.Release|Any CPU.Build.0 = Release|Any CPU
		{EE542844-E9C4-4ACF-98B9-D5799599F2C8}.Debug|Any CPU.ActiveCfg = Debug|Any CPU
		{EE542844-E9C4-4ACF-98B9-D5799599F2C8}.Debug|Any CPU.Build.0 = Debug|Any CPU
		{EE542844-E9C4-4ACF-98B9-D5799599F2C8}.Release|Any CPU.ActiveCfg = Release|Any CPU
		{EE542844-E9C4-4ACF-98B9-D5799599F2C8}.Release|Any CPU.Build.0 = Release|Any CPU
		{DE15FC47-4CD0-419F-A022-3440736E2343}.Debug|Any CPU.ActiveCfg = Debug|Any CPU
		{DE15FC47-4CD0-419F-A022-3440736E2343}.Debug|Any CPU.Build.0 = Debug|Any CPU
		{DE15FC47-4CD0-419F-A022-3440736E2343}.Release|Any CPU.ActiveCfg = Release|Any CPU
		{DE15FC47-4CD0-419F-A022-3440736E2343}.Release|Any CPU.Build.0 = Release|Any CPU
		{C73DADE8-6793-4CD9-9300-F80EF2A835FA}.Debug|Any CPU.ActiveCfg = Debug|Any CPU
		{C73DADE8-6793-4CD9-9300-F80EF2A835FA}.Debug|Any CPU.Build.0 = Debug|Any CPU
		{C73DADE8-6793-4CD9-9300-F80EF2A835FA}.Release|Any CPU.ActiveCfg = Release|Any CPU
		{C73DADE8-6793-4CD9-9300-F80EF2A835FA}.Release|Any CPU.Build.0 = Release|Any CPU
		{C4E79D96-EC90-45EF-B4BA-F6980958500C}.Debug|Any CPU.ActiveCfg = Debug|Any CPU
		{C4E79D96-EC90-45EF-B4BA-F6980958500C}.Debug|Any CPU.Build.0 = Debug|Any CPU
		{C4E79D96-EC90-45EF-B4BA-F6980958500C}.Release|Any CPU.ActiveCfg = Release|Any CPU
		{C4E79D96-EC90-45EF-B4BA-F6980958500C}.Release|Any CPU.Build.0 = Release|Any CPU
		{76B57CE6-2B11-459A-89FD-3A2CB53A8674}.Debug|Any CPU.ActiveCfg = Debug|Any CPU
		{76B57CE6-2B11-459A-89FD-3A2CB53A8674}.Debug|Any CPU.Build.0 = Debug|Any CPU
		{76B57CE6-2B11-459A-89FD-3A2CB53A8674}.Release|Any CPU.ActiveCfg = Release|Any CPU
		{76B57CE6-2B11-459A-89FD-3A2CB53A8674}.Release|Any CPU.Build.0 = Release|Any CPU
		{90CEE526-6671-4190-8332-FEFDFF4F6E9E}.Debug|Any CPU.ActiveCfg = Debug|Any CPU
		{90CEE526-6671-4190-8332-FEFDFF4F6E9E}.Debug|Any CPU.Build.0 = Debug|Any CPU
		{90CEE526-6671-4190-8332-FEFDFF4F6E9E}.Release|Any CPU.ActiveCfg = Release|Any CPU
		{90CEE526-6671-4190-8332-FEFDFF4F6E9E}.Release|Any CPU.Build.0 = Release|Any CPU
		{3452A5FC-3E6E-45E1-B284-83BF03E63346}.Debug|Any CPU.ActiveCfg = Debug|Any CPU
		{3452A5FC-3E6E-45E1-B284-83BF03E63346}.Debug|Any CPU.Build.0 = Debug|Any CPU
		{3452A5FC-3E6E-45E1-B284-83BF03E63346}.Release|Any CPU.ActiveCfg = Release|Any CPU
		{3452A5FC-3E6E-45E1-B284-83BF03E63346}.Release|Any CPU.Build.0 = Release|Any CPU
		{B18E7AB0-EBBB-41DF-872F-C34C75D5A831}.Debug|Any CPU.ActiveCfg = Debug|Any CPU
		{B18E7AB0-EBBB-41DF-872F-C34C75D5A831}.Debug|Any CPU.Build.0 = Debug|Any CPU
		{B18E7AB0-EBBB-41DF-872F-C34C75D5A831}.Release|Any CPU.ActiveCfg = Release|Any CPU
		{B18E7AB0-EBBB-41DF-872F-C34C75D5A831}.Release|Any CPU.Build.0 = Release|Any CPU
		{D294B306-C5D5-464B-9E7A-E1CC7D4B030F}.Debug|Any CPU.ActiveCfg = Debug|Any CPU
		{D294B306-C5D5-464B-9E7A-E1CC7D4B030F}.Debug|Any CPU.Build.0 = Debug|Any CPU
		{D294B306-C5D5-464B-9E7A-E1CC7D4B030F}.Release|Any CPU.ActiveCfg = Release|Any CPU
		{D294B306-C5D5-464B-9E7A-E1CC7D4B030F}.Release|Any CPU.Build.0 = Release|Any CPU
		{22CFE249-0D3F-443B-9627-65EF580A84FC}.Debug|Any CPU.ActiveCfg = Debug|Any CPU
		{22CFE249-0D3F-443B-9627-65EF580A84FC}.Debug|Any CPU.Build.0 = Debug|Any CPU
		{22CFE249-0D3F-443B-9627-65EF580A84FC}.Release|Any CPU.ActiveCfg = Release|Any CPU
		{22CFE249-0D3F-443B-9627-65EF580A84FC}.Release|Any CPU.Build.0 = Release|Any CPU
		{9E61664E-5393-46C8-BB1A-D63C070E57AD}.Debug|Any CPU.ActiveCfg = Debug|Any CPU
		{9E61664E-5393-46C8-BB1A-D63C070E57AD}.Debug|Any CPU.Build.0 = Debug|Any CPU
		{9E61664E-5393-46C8-BB1A-D63C070E57AD}.Release|Any CPU.ActiveCfg = Release|Any CPU
		{9E61664E-5393-46C8-BB1A-D63C070E57AD}.Release|Any CPU.Build.0 = Release|Any CPU
		{53F70BF6-7B9D-45F7-905A-29E0C827E24C}.Debug|Any CPU.ActiveCfg = Debug|Any CPU
		{53F70BF6-7B9D-45F7-905A-29E0C827E24C}.Debug|Any CPU.Build.0 = Debug|Any CPU
		{53F70BF6-7B9D-45F7-905A-29E0C827E24C}.Release|Any CPU.ActiveCfg = Release|Any CPU
		{53F70BF6-7B9D-45F7-905A-29E0C827E24C}.Release|Any CPU.Build.0 = Release|Any CPU
		{025AD639-01B0-4C6B-A2A4-4875C5E5C7AB}.Debug|Any CPU.ActiveCfg = Debug|Any CPU
		{025AD639-01B0-4C6B-A2A4-4875C5E5C7AB}.Debug|Any CPU.Build.0 = Debug|Any CPU
		{025AD639-01B0-4C6B-A2A4-4875C5E5C7AB}.Release|Any CPU.ActiveCfg = Release|Any CPU
		{025AD639-01B0-4C6B-A2A4-4875C5E5C7AB}.Release|Any CPU.Build.0 = Release|Any CPU
		{38F8A1E0-D903-452F-90E0-1398FBAF1E55}.Debug|Any CPU.ActiveCfg = Debug|Any CPU
		{38F8A1E0-D903-452F-90E0-1398FBAF1E55}.Debug|Any CPU.Build.0 = Debug|Any CPU
		{38F8A1E0-D903-452F-90E0-1398FBAF1E55}.Release|Any CPU.ActiveCfg = Release|Any CPU
		{38F8A1E0-D903-452F-90E0-1398FBAF1E55}.Release|Any CPU.Build.0 = Release|Any CPU
		{ABE9E312-D48E-4DA2-9AA1-0398EDF280F9}.Debug|Any CPU.ActiveCfg = Debug|Any CPU
		{ABE9E312-D48E-4DA2-9AA1-0398EDF280F9}.Debug|Any CPU.Build.0 = Debug|Any CPU
		{ABE9E312-D48E-4DA2-9AA1-0398EDF280F9}.Release|Any CPU.ActiveCfg = Release|Any CPU
		{ABE9E312-D48E-4DA2-9AA1-0398EDF280F9}.Release|Any CPU.Build.0 = Release|Any CPU
		{6F94B2E1-45EF-4A21-BA3B-03DE3F19FE85}.Debug|Any CPU.ActiveCfg = Debug|Any CPU
		{6F94B2E1-45EF-4A21-BA3B-03DE3F19FE85}.Debug|Any CPU.Build.0 = Debug|Any CPU
		{6F94B2E1-45EF-4A21-BA3B-03DE3F19FE85}.Release|Any CPU.ActiveCfg = Release|Any CPU
		{6F94B2E1-45EF-4A21-BA3B-03DE3F19FE85}.Release|Any CPU.Build.0 = Release|Any CPU
		{90194B6E-8D84-424A-A45E-EF033FC43AD2}.Debug|Any CPU.ActiveCfg = Debug|Any CPU
		{90194B6E-8D84-424A-A45E-EF033FC43AD2}.Debug|Any CPU.Build.0 = Debug|Any CPU
		{90194B6E-8D84-424A-A45E-EF033FC43AD2}.Release|Any CPU.ActiveCfg = Release|Any CPU
		{90194B6E-8D84-424A-A45E-EF033FC43AD2}.Release|Any CPU.Build.0 = Release|Any CPU
		{580AD050-84DC-49DB-9E09-9304E6D11A4D}.Debug|Any CPU.ActiveCfg = Debug|Any CPU
		{580AD050-84DC-49DB-9E09-9304E6D11A4D}.Debug|Any CPU.Build.0 = Debug|Any CPU
		{580AD050-84DC-49DB-9E09-9304E6D11A4D}.Release|Any CPU.ActiveCfg = Release|Any CPU
		{580AD050-84DC-49DB-9E09-9304E6D11A4D}.Release|Any CPU.Build.0 = Release|Any CPU
		{5556AB11-71E0-4CA0-B5C6-D1609A3A02EE}.Debug|Any CPU.ActiveCfg = Debug|Any CPU
		{5556AB11-71E0-4CA0-B5C6-D1609A3A02EE}.Debug|Any CPU.Build.0 = Debug|Any CPU
		{5556AB11-71E0-4CA0-B5C6-D1609A3A02EE}.Release|Any CPU.ActiveCfg = Release|Any CPU
		{5556AB11-71E0-4CA0-B5C6-D1609A3A02EE}.Release|Any CPU.Build.0 = Release|Any CPU
		{6055EBFD-CED2-4376-87C3-8E52150BBDC2}.Debug|Any CPU.ActiveCfg = Debug|Any CPU
		{6055EBFD-CED2-4376-87C3-8E52150BBDC2}.Debug|Any CPU.Build.0 = Debug|Any CPU
		{6055EBFD-CED2-4376-87C3-8E52150BBDC2}.Release|Any CPU.ActiveCfg = Release|Any CPU
		{6055EBFD-CED2-4376-87C3-8E52150BBDC2}.Release|Any CPU.Build.0 = Release|Any CPU
		{0E8A1B77-8E05-4ADB-97F8-78ACB9A60E4C}.Debug|Any CPU.ActiveCfg = Debug|Any CPU
		{0E8A1B77-8E05-4ADB-97F8-78ACB9A60E4C}.Debug|Any CPU.Build.0 = Debug|Any CPU
		{0E8A1B77-8E05-4ADB-97F8-78ACB9A60E4C}.Release|Any CPU.ActiveCfg = Release|Any CPU
		{0E8A1B77-8E05-4ADB-97F8-78ACB9A60E4C}.Release|Any CPU.Build.0 = Release|Any CPU
		{DA851F19-059D-4572-8865-5E266B4CFECE}.Debug|Any CPU.ActiveCfg = Debug|Any CPU
		{DA851F19-059D-4572-8865-5E266B4CFECE}.Debug|Any CPU.Build.0 = Debug|Any CPU
		{DA851F19-059D-4572-8865-5E266B4CFECE}.Release|Any CPU.ActiveCfg = Release|Any CPU
		{DA851F19-059D-4572-8865-5E266B4CFECE}.Release|Any CPU.Build.0 = Release|Any CPU
		{1B96061C-5BE6-471F-9933-D9D23B83B7FD}.Debug|Any CPU.ActiveCfg = Debug|Any CPU
		{1B96061C-5BE6-471F-9933-D9D23B83B7FD}.Debug|Any CPU.Build.0 = Debug|Any CPU
		{1B96061C-5BE6-471F-9933-D9D23B83B7FD}.Release|Any CPU.ActiveCfg = Release|Any CPU
		{1B96061C-5BE6-471F-9933-D9D23B83B7FD}.Release|Any CPU.Build.0 = Release|Any CPU
		{ACE17AA6-C7F8-40FE-8EA8-0877690F0917}.Debug|Any CPU.ActiveCfg = Debug|Any CPU
		{ACE17AA6-C7F8-40FE-8EA8-0877690F0917}.Debug|Any CPU.Build.0 = Debug|Any CPU
		{ACE17AA6-C7F8-40FE-8EA8-0877690F0917}.Release|Any CPU.ActiveCfg = Release|Any CPU
		{ACE17AA6-C7F8-40FE-8EA8-0877690F0917}.Release|Any CPU.Build.0 = Release|Any CPU
		{A8D9748D-FD2E-4BF9-A2DF-EFDEBDAF0A2B}.Debug|Any CPU.ActiveCfg = Debug|Any CPU
		{A8D9748D-FD2E-4BF9-A2DF-EFDEBDAF0A2B}.Debug|Any CPU.Build.0 = Debug|Any CPU
		{A8D9748D-FD2E-4BF9-A2DF-EFDEBDAF0A2B}.Release|Any CPU.ActiveCfg = Release|Any CPU
		{A8D9748D-FD2E-4BF9-A2DF-EFDEBDAF0A2B}.Release|Any CPU.Build.0 = Release|Any CPU
		{63793E74-753F-4659-BCC6-15C547F7D196}.Debug|Any CPU.ActiveCfg = Debug|Any CPU
		{63793E74-753F-4659-BCC6-15C547F7D196}.Debug|Any CPU.Build.0 = Debug|Any CPU
		{63793E74-753F-4659-BCC6-15C547F7D196}.Release|Any CPU.ActiveCfg = Release|Any CPU
		{63793E74-753F-4659-BCC6-15C547F7D196}.Release|Any CPU.Build.0 = Release|Any CPU
		{DAE91EA8-1630-40B1-9720-D0D886B1916E}.Debug|Any CPU.ActiveCfg = Debug|Any CPU
		{DAE91EA8-1630-40B1-9720-D0D886B1916E}.Debug|Any CPU.Build.0 = Debug|Any CPU
		{DAE91EA8-1630-40B1-9720-D0D886B1916E}.Release|Any CPU.ActiveCfg = Release|Any CPU
		{DAE91EA8-1630-40B1-9720-D0D886B1916E}.Release|Any CPU.Build.0 = Release|Any CPU
		{9DD66C58-A987-44FE-880C-3CB3B73DA361}.Debug|Any CPU.ActiveCfg = Debug|Any CPU
		{9DD66C58-A987-44FE-880C-3CB3B73DA361}.Debug|Any CPU.Build.0 = Debug|Any CPU
		{9DD66C58-A987-44FE-880C-3CB3B73DA361}.Release|Any CPU.ActiveCfg = Release|Any CPU
		{9DD66C58-A987-44FE-880C-3CB3B73DA361}.Release|Any CPU.Build.0 = Release|Any CPU
	EndGlobalSection
	GlobalSection(NestedProjects) = preSolution
		{2F33CFBE-B656-4713-80BF-8D10E56EDAAD} = {1F8CC05D-2FCB-41EB-B50E-C9719553080B}
		{449DEC13-55B3-45D8-9B21-5AEEC7F5F52E} = {1F8CC05D-2FCB-41EB-B50E-C9719553080B}
		{414D7399-AC09-41B2-92EC-D1B192ADEB19} = {1F8CC05D-2FCB-41EB-B50E-C9719553080B}
		{2BD935BF-F3B3-4F98-A619-3D350CA5D893} = {1F8CC05D-2FCB-41EB-B50E-C9719553080B}
		{F62D6E8A-EF5A-4B95-B59D-355055278A70} = {1F8CC05D-2FCB-41EB-B50E-C9719553080B}
		{C42DEC37-F997-4C30-8EEB-98BC9B56A9CF} = {449DEC13-55B3-45D8-9B21-5AEEC7F5F52E}
		{0CCFAAE5-76E4-4DC0-823B-3B917EDCAEE8} = {C42DEC37-F997-4C30-8EEB-98BC9B56A9CF}
		{F2803CC7-F9B5-488F-B3E9-B5BC095F811C} = {C42DEC37-F997-4C30-8EEB-98BC9B56A9CF}
		{7A925B83-0A2D-450E-B732-DF9569A5C807} = {414D7399-AC09-41B2-92EC-D1B192ADEB19}
		{5ADCD3C1-4F53-4484-89FB-21A488386B2F} = {414D7399-AC09-41B2-92EC-D1B192ADEB19}
		{6F342AF2-67ED-4D48-B474-75139C82C0FD} = {414D7399-AC09-41B2-92EC-D1B192ADEB19}
		{776BE994-DE4E-4858-B93B-AA24D66FF6F9} = {414D7399-AC09-41B2-92EC-D1B192ADEB19}
		{CB34BFAD-3E94-49A5-92FA-74DD7841E418} = {414D7399-AC09-41B2-92EC-D1B192ADEB19}
		{B97D88AE-FB45-4A8D-8939-11060DACF3AA} = {414D7399-AC09-41B2-92EC-D1B192ADEB19}
		{95DCF809-7ED8-41E3-BCB6-CC04BC38D552} = {414D7399-AC09-41B2-92EC-D1B192ADEB19}
		{615E856F-730F-4451-9DA9-B83353B565D5} = {414D7399-AC09-41B2-92EC-D1B192ADEB19}
		{8C64A973-F02A-4B97-8D9F-4D8A5C40CC29} = {414D7399-AC09-41B2-92EC-D1B192ADEB19}
		{7489EC79-DCEE-498F-9F65-5E7BA3014227} = {414D7399-AC09-41B2-92EC-D1B192ADEB19}
		{5AE643D7-2E72-421B-8671-BB1FF8EA4DDD} = {414D7399-AC09-41B2-92EC-D1B192ADEB19}
		{70352155-4AFE-48F7-9A23-E45B35ACED13} = {414D7399-AC09-41B2-92EC-D1B192ADEB19}
		{2DD3DDA6-765D-48C1-84A7-C423536E897D} = {414D7399-AC09-41B2-92EC-D1B192ADEB19}
		{BE76B5D2-D3FF-4251-8409-EAFB2B56F254} = {414D7399-AC09-41B2-92EC-D1B192ADEB19}
		{96DEA6DA-DC85-4529-AEAF-92AF9091C407} = {414D7399-AC09-41B2-92EC-D1B192ADEB19}
		{CBE04A0B-3B79-4AB6-A7A7-861BD901E927} = {414D7399-AC09-41B2-92EC-D1B192ADEB19}
		{40B33CE7-7DD6-49BD-A10F-3A734785832E} = {414D7399-AC09-41B2-92EC-D1B192ADEB19}
		{2B27021C-1FD8-47BF-96AA-649D1F10CE14} = {414D7399-AC09-41B2-92EC-D1B192ADEB19}
		{38460C31-1E8B-4199-BC3B-6A1F0813B8A4} = {414D7399-AC09-41B2-92EC-D1B192ADEB19}
		{5EA3FE27-17A9-4CA7-877A-A130333CCABD} = {2BD935BF-F3B3-4F98-A619-3D350CA5D893}
		{F9BF50CA-00CC-479C-A50C-3FD2F76E217E} = {2BD935BF-F3B3-4F98-A619-3D350CA5D893}
		{A255931E-AC24-457A-A759-6C9B56ED4DB1} = {F62D6E8A-EF5A-4B95-B59D-355055278A70}
		{D328E43B-864A-49C3-9EC3-2F35423E3514} = {A255931E-AC24-457A-A759-6C9B56ED4DB1}
		{2426AF82-A202-4EF5-AE25-FCA50DE2D6F1} = {A255931E-AC24-457A-A759-6C9B56ED4DB1}
		{35D87ACD-2566-4532-B4E4-328B2D47E992} = {78872F31-9427-47B4-AB55-55DDB2A373E4}
		{6E45EF80-AAB9-453C-A06D-DCA749A30C1A} = {78872F31-9427-47B4-AB55-55DDB2A373E4}
		{52C0A676-855B-4E18-9D89-1A184A077722} = {78872F31-9427-47B4-AB55-55DDB2A373E4}
		{E9ED7D2F-164F-43DF-86DF-57FB77F5DCC8} = {78872F31-9427-47B4-AB55-55DDB2A373E4}
		{45684897-2A84-4BD4-AC97-F63F8FC80BE1} = {6E45EF80-AAB9-453C-A06D-DCA749A30C1A}
		{03BE8869-D3E5-43AF-A1D4-1873605CEECE} = {6E45EF80-AAB9-453C-A06D-DCA749A30C1A}
		{851AFD74-26DA-4F30-9B1B-3CE990F3D424} = {E9ED7D2F-164F-43DF-86DF-57FB77F5DCC8}
		{29322CA8-DB62-4002-BB17-385A58F84B86} = {E9ED7D2F-164F-43DF-86DF-57FB77F5DCC8}
		{444BD7D4-0149-4AD5-834E-8842B1BBB30E} = {35D87ACD-2566-4532-B4E4-328B2D47E992}
		{D90CBE13-9CE3-42D8-94B2-AA93D6A4E77C} = {444BD7D4-0149-4AD5-834E-8842B1BBB30E}
		{83ED2FBE-B36E-4638-8246-E05EF42B649F} = {35D87ACD-2566-4532-B4E4-328B2D47E992}
		{FD248D85-D1F8-48AF-9469-98B361CD272F} = {35D87ACD-2566-4532-B4E4-328B2D47E992}
		{0574D80E-3131-4E32-A145-1112ED735A99} = {444BD7D4-0149-4AD5-834E-8842B1BBB30E}
		{AC8121A8-8F17-487C-9FDC-3DA8A8A9F014} = {444BD7D4-0149-4AD5-834E-8842B1BBB30E}
		{A84B8354-7B6C-466B-AED6-F190851CD8A4} = {83ED2FBE-B36E-4638-8246-E05EF42B649F}
		{AC59E20E-A34A-4E36-96B7-AD4282BE91EB} = {83ED2FBE-B36E-4638-8246-E05EF42B649F}
		{767FC2D3-4474-4A3F-96EC-D7B6DC03C8C1} = {83ED2FBE-B36E-4638-8246-E05EF42B649F}
		{CEBCA1A2-AABD-47FE-9923-83B6F83693E0} = {FD248D85-D1F8-48AF-9469-98B361CD272F}
		{A2FCE178-7C62-4F62-9A9F-B281B116A59A} = {FD248D85-D1F8-48AF-9469-98B361CD272F}
		{689502EE-E276-46C6-ACF8-09E81DCD6720} = {45684897-2A84-4BD4-AC97-F63F8FC80BE1}
		{84C0B6D1-6BA7-48C9-9EE9-2197F106F5E6} = {45684897-2A84-4BD4-AC97-F63F8FC80BE1}
		{DA8C3D7B-0D10-460B-B585-E0F66A8CB816} = {52C0A676-855B-4E18-9D89-1A184A077722}
		{56C700F1-3FEF-4BA2-BB50-5575A88A699E} = {52C0A676-855B-4E18-9D89-1A184A077722}
		{368AC940-ACAF-4B13-B504-D3BA9298E2BF} = {52C0A676-855B-4E18-9D89-1A184A077722}
		{56031BF4-72CF-4416-B260-7FC23B8F7EC1} = {52C0A676-855B-4E18-9D89-1A184A077722}
		{D61B2831-F702-4FD4-AC24-FB421E626864} = {52C0A676-855B-4E18-9D89-1A184A077722}
		{354F2181-5046-4B15-A99D-692909E836DD} = {52C0A676-855B-4E18-9D89-1A184A077722}
		{33A79032-6CC7-449A-9FEE-099CDB3BDB1A} = {52C0A676-855B-4E18-9D89-1A184A077722}
		{B25EB0B9-8C2C-45FA-819A-A88FE908B34B} = {52C0A676-855B-4E18-9D89-1A184A077722}
		{62C56A28-8E7F-4C9C-A507-294458AB4322} = {52C0A676-855B-4E18-9D89-1A184A077722}
		{28233149-9AF3-4ABA-AA4C-723FAA84BE58} = {52C0A676-855B-4E18-9D89-1A184A077722}
		{13C842DC-ED40-4F9F-9B45-0E77BA063A8D} = {52C0A676-855B-4E18-9D89-1A184A077722}
		{38CB4060-4A76-409A-99E6-7CF28E1E45D1} = {52C0A676-855B-4E18-9D89-1A184A077722}
		{B0377455-1DA9-4998-BCB4-12936B4A1209} = {52C0A676-855B-4E18-9D89-1A184A077722}
		{CBDB5BB7-03DE-4133-A2EC-021ED382E921} = {52C0A676-855B-4E18-9D89-1A184A077722}
		{344CF717-3139-43FC-9FE1-F886A0F389D3} = {52C0A676-855B-4E18-9D89-1A184A077722}
		{DD841074-7AE0-40DA-8780-FAFB3E9971EF} = {52C0A676-855B-4E18-9D89-1A184A077722}
		{C046512B-FF14-483A-AB67-BFB0B7735BF7} = {52C0A676-855B-4E18-9D89-1A184A077722}
		{9A43196D-2703-47F3-8028-96922296D630} = {52C0A676-855B-4E18-9D89-1A184A077722}
		{6B6F03EE-3F60-4B06-8822-D1CC5D406CDD} = {52C0A676-855B-4E18-9D89-1A184A077722}
		{5CFF94D1-B6C7-4EDE-B236-ED53ADB4684C} = {851AFD74-26DA-4F30-9B1B-3CE990F3D424}
		{C783A01F-ECEC-40E5-8792-0911A7A6CFD1} = {851AFD74-26DA-4F30-9B1B-3CE990F3D424}
		{F5E4A515-36E0-420A-892B-6F13C69040D9} = {851AFD74-26DA-4F30-9B1B-3CE990F3D424}
		{EE542844-E9C4-4ACF-98B9-D5799599F2C8} = {851AFD74-26DA-4F30-9B1B-3CE990F3D424}
		{DE15FC47-4CD0-419F-A022-3440736E2343} = {29322CA8-DB62-4002-BB17-385A58F84B86}
		{C73DADE8-6793-4CD9-9300-F80EF2A835FA} = {29322CA8-DB62-4002-BB17-385A58F84B86}
		{C4E79D96-EC90-45EF-B4BA-F6980958500C} = {29322CA8-DB62-4002-BB17-385A58F84B86}
		{76B57CE6-2B11-459A-89FD-3A2CB53A8674} = {FD248D85-D1F8-48AF-9469-98B361CD272F}
		{90CEE526-6671-4190-8332-FEFDFF4F6E9E} = {A255931E-AC24-457A-A759-6C9B56ED4DB1}
		{3452A5FC-3E6E-45E1-B284-83BF03E63346} = {45684897-2A84-4BD4-AC97-F63F8FC80BE1}
		{B18E7AB0-EBBB-41DF-872F-C34C75D5A831} = {851AFD74-26DA-4F30-9B1B-3CE990F3D424}
		{22CFE249-0D3F-443B-9627-65EF580A84FC} = {414D7399-AC09-41B2-92EC-D1B192ADEB19}
		{9E61664E-5393-46C8-BB1A-D63C070E57AD} = {52C0A676-855B-4E18-9D89-1A184A077722}
		{53F70BF6-7B9D-45F7-905A-29E0C827E24C} = {414D7399-AC09-41B2-92EC-D1B192ADEB19}
		{025AD639-01B0-4C6B-A2A4-4875C5E5C7AB} = {449DEC13-55B3-45D8-9B21-5AEEC7F5F52E}
		{38F8A1E0-D903-452F-90E0-1398FBAF1E55} = {78872F31-9427-47B4-AB55-55DDB2A373E4}
		{ABE9E312-D48E-4DA2-9AA1-0398EDF280F9} = {2F33CFBE-B656-4713-80BF-8D10E56EDAAD}
		{6F94B2E1-45EF-4A21-BA3B-03DE3F19FE85} = {414D7399-AC09-41B2-92EC-D1B192ADEB19}
		{1733EE2C-2604-495C-AAB4-23EAC9B313F4} = {2F33CFBE-B656-4713-80BF-8D10E56EDAAD}
		{A038303C-5AC2-43B9-A818-7B79E2F66639} = {2F33CFBE-B656-4713-80BF-8D10E56EDAAD}
		{892CD9A7-A0DB-4F24-B0D5-04D94C76C778} = {2F33CFBE-B656-4713-80BF-8D10E56EDAAD}
		{D294B306-C5D5-464B-9E7A-E1CC7D4B030F} = {F62D6E8A-EF5A-4B95-B59D-355055278A70}
		{90194B6E-8D84-424A-A45E-EF033FC43AD2} = {414D7399-AC09-41B2-92EC-D1B192ADEB19}
		{580AD050-84DC-49DB-9E09-9304E6D11A4D} = {52C0A676-855B-4E18-9D89-1A184A077722}
		{1DB0534F-CA71-4C70-9CED-1940523B86FA} = {449DEC13-55B3-45D8-9B21-5AEEC7F5F52E}
		{5556AB11-71E0-4CA0-B5C6-D1609A3A02EE} = {414D7399-AC09-41B2-92EC-D1B192ADEB19}
		{B6DD4D6D-BD28-465F-A3E1-8B7D9F2DAADA} = {1F8CC05D-2FCB-41EB-B50E-C9719553080B}
		{6055EBFD-CED2-4376-87C3-8E52150BBDC2} = {B6DD4D6D-BD28-465F-A3E1-8B7D9F2DAADA}
		{0E8A1B77-8E05-4ADB-97F8-78ACB9A60E4C} = {414D7399-AC09-41B2-92EC-D1B192ADEB19}
		{DA851F19-059D-4572-8865-5E266B4CFECE} = {414D7399-AC09-41B2-92EC-D1B192ADEB19}
		{1B96061C-5BE6-471F-9933-D9D23B83B7FD} = {414D7399-AC09-41B2-92EC-D1B192ADEB19}
		{A8D9748D-FD2E-4BF9-A2DF-EFDEBDAF0A2B} = {2F33CFBE-B656-4713-80BF-8D10E56EDAAD}
		{63793E74-753F-4659-BCC6-15C547F7D196} = {414D7399-AC09-41B2-92EC-D1B192ADEB19}
		{DAE91EA8-1630-40B1-9720-D0D886B1916E} = {414D7399-AC09-41B2-92EC-D1B192ADEB19}
		{77EFCE3D-95E5-4252-BA03-FE13FC311753} = {78872F31-9427-47B4-AB55-55DDB2A373E4}
		{ACE17AA6-C7F8-40FE-8EA8-0877690F0917} = {77EFCE3D-95E5-4252-BA03-FE13FC311753}
		{9DD66C58-A987-44FE-880C-3CB3B73DA361} = {449DEC13-55B3-45D8-9B21-5AEEC7F5F52E}
	EndGlobalSection
EndGlobal
